// !$*UTF8*$!
{
	archiveVersion = 1;
	classes = {
	};
	objectVersion = 50;
	objects = {

/* Begin PBXBuildFile section */
		EA88929C264BCA700058E2D7 /* test.storyboard in Resources */ = {isa = PBXBuildFile; fileRef = EA88929B264BCA700058E2D7 /* test.storyboard */; };
		EA8892A2264BD0B20058E2D7 /* MainViewController.swift in Sources */ = {isa = PBXBuildFile; fileRef = EA8892A1264BD0B20058E2D7 /* MainViewController.swift */; };
		EA8892A4264BD1060058E2D7 /* TestViewController.swift in Sources */ = {isa = PBXBuildFile; fileRef = EA8892A3264BD1060058E2D7 /* TestViewController.swift */; };
		EAB3218E25FEFEFC00ABD25B /* AppDelegate.swift in Sources */ = {isa = PBXBuildFile; fileRef = EAB3218D25FEFEFC00ABD25B /* AppDelegate.swift */; };
		EAB3219025FEFEFC00ABD25B /* SceneDelegate.swift in Sources */ = {isa = PBXBuildFile; fileRef = EAB3218F25FEFEFC00ABD25B /* SceneDelegate.swift */; };
		EAB3219225FEFEFC00ABD25B /* RedViewController.swift in Sources */ = {isa = PBXBuildFile; fileRef = EAB3219125FEFEFC00ABD25B /* RedViewController.swift */; };
		EAB3219525FEFEFC00ABD25B /* Main.storyboard in Resources */ = {isa = PBXBuildFile; fileRef = EAB3219325FEFEFC00ABD25B /* Main.storyboard */; };
		EAB3219725FEFEFD00ABD25B /* Assets.xcassets in Resources */ = {isa = PBXBuildFile; fileRef = EAB3219625FEFEFD00ABD25B /* Assets.xcassets */; };
		EAB3219A25FEFEFD00ABD25B /* LaunchScreen.storyboard in Resources */ = {isa = PBXBuildFile; fileRef = EAB3219825FEFEFD00ABD25B /* LaunchScreen.storyboard */; };
		EAB321A525FEFEFD00ABD25B /* TabBarControllerTests.swift in Sources */ = {isa = PBXBuildFile; fileRef = EAB321A425FEFEFD00ABD25B /* TabBarControllerTests.swift */; };
		EAB321B025FEFEFD00ABD25B /* TabBarControllerUITests.swift in Sources */ = {isa = PBXBuildFile; fileRef = EAB321AF25FEFEFD00ABD25B /* TabBarControllerUITests.swift */; };
		EAB321C525FF1E5100ABD25B /* YellowViewController.swift in Sources */ = {isa = PBXBuildFile; fileRef = EAB321C425FF1E5100ABD25B /* YellowViewController.swift */; };
		EAB321CD25FF1E5C00ABD25B /* OrangeViewController.swift in Sources */ = {isa = PBXBuildFile; fileRef = EAB321CC25FF1E5C00ABD25B /* OrangeViewController.swift */; };
/* End PBXBuildFile section */

/* Begin PBXContainerItemProxy section */
		EAB321A125FEFEFD00ABD25B /* PBXContainerItemProxy */ = {
			isa = PBXContainerItemProxy;
			containerPortal = EAB3218225FEFEFC00ABD25B /* Project object */;
			proxyType = 1;
			remoteGlobalIDString = EAB3218925FEFEFC00ABD25B;
			remoteInfo = TabBarController;
		};
		EAB321AC25FEFEFD00ABD25B /* PBXContainerItemProxy */ = {
			isa = PBXContainerItemProxy;
			containerPortal = EAB3218225FEFEFC00ABD25B /* Project object */;
			proxyType = 1;
			remoteGlobalIDString = EAB3218925FEFEFC00ABD25B;
			remoteInfo = TabBarController;
		};
/* End PBXContainerItemProxy section */

/* Begin PBXFileReference section */
		EA88929B264BCA700058E2D7 /* test.storyboard */ = {isa = PBXFileReference; lastKnownFileType = file.storyboard; path = test.storyboard; sourceTree = "<group>"; };
		EA8892A1264BD0B20058E2D7 /* MainViewController.swift */ = {isa = PBXFileReference; lastKnownFileType = sourcecode.swift; path = MainViewController.swift; sourceTree = "<group>"; };
		EA8892A3264BD1060058E2D7 /* TestViewController.swift */ = {isa = PBXFileReference; lastKnownFileType = sourcecode.swift; path = TestViewController.swift; sourceTree = "<group>"; };
		EAB3218A25FEFEFC00ABD25B /* TabBarController.app */ = {isa = PBXFileReference; explicitFileType = wrapper.application; includeInIndex = 0; path = TabBarController.app; sourceTree = BUILT_PRODUCTS_DIR; };
		EAB3218D25FEFEFC00ABD25B /* AppDelegate.swift */ = {isa = PBXFileReference; lastKnownFileType = sourcecode.swift; path = AppDelegate.swift; sourceTree = "<group>"; };
		EAB3218F25FEFEFC00ABD25B /* SceneDelegate.swift */ = {isa = PBXFileReference; lastKnownFileType = sourcecode.swift; path = SceneDelegate.swift; sourceTree = "<group>"; };
		EAB3219125FEFEFC00ABD25B /* RedViewController.swift */ = {isa = PBXFileReference; lastKnownFileType = sourcecode.swift; path = RedViewController.swift; sourceTree = "<group>"; };
		EAB3219425FEFEFC00ABD25B /* Base */ = {isa = PBXFileReference; lastKnownFileType = file.storyboard; name = Base; path = Base.lproj/Main.storyboard; sourceTree = "<group>"; };
		EAB3219625FEFEFD00ABD25B /* Assets.xcassets */ = {isa = PBXFileReference; lastKnownFileType = folder.assetcatalog; path = Assets.xcassets; sourceTree = "<group>"; };
		EAB3219925FEFEFD00ABD25B /* Base */ = {isa = PBXFileReference; lastKnownFileType = file.storyboard; name = Base; path = Base.lproj/LaunchScreen.storyboard; sourceTree = "<group>"; };
		EAB3219B25FEFEFD00ABD25B /* Info.plist */ = {isa = PBXFileReference; lastKnownFileType = text.plist.xml; path = Info.plist; sourceTree = "<group>"; };
		EAB321A025FEFEFD00ABD25B /* TabBarControllerTests.xctest */ = {isa = PBXFileReference; explicitFileType = wrapper.cfbundle; includeInIndex = 0; path = TabBarControllerTests.xctest; sourceTree = BUILT_PRODUCTS_DIR; };
		EAB321A425FEFEFD00ABD25B /* TabBarControllerTests.swift */ = {isa = PBXFileReference; lastKnownFileType = sourcecode.swift; path = TabBarControllerTests.swift; sourceTree = "<group>"; };
		EAB321A625FEFEFD00ABD25B /* Info.plist */ = {isa = PBXFileReference; lastKnownFileType = text.plist.xml; path = Info.plist; sourceTree = "<group>"; };
		EAB321AB25FEFEFD00ABD25B /* TabBarControllerUITests.xctest */ = {isa = PBXFileReference; explicitFileType = wrapper.cfbundle; includeInIndex = 0; path = TabBarControllerUITests.xctest; sourceTree = BUILT_PRODUCTS_DIR; };
		EAB321AF25FEFEFD00ABD25B /* TabBarControllerUITests.swift */ = {isa = PBXFileReference; lastKnownFileType = sourcecode.swift; path = TabBarControllerUITests.swift; sourceTree = "<group>"; };
		EAB321B125FEFEFD00ABD25B /* Info.plist */ = {isa = PBXFileReference; lastKnownFileType = text.plist.xml; path = Info.plist; sourceTree = "<group>"; };
		EAB321C425FF1E5100ABD25B /* YellowViewController.swift */ = {isa = PBXFileReference; lastKnownFileType = sourcecode.swift; path = YellowViewController.swift; sourceTree = "<group>"; };
		EAB321CC25FF1E5C00ABD25B /* OrangeViewController.swift */ = {isa = PBXFileReference; lastKnownFileType = sourcecode.swift; path = OrangeViewController.swift; sourceTree = "<group>"; };
/* End PBXFileReference section */

/* Begin PBXFrameworksBuildPhase section */
		EAB3218725FEFEFC00ABD25B /* Frameworks */ = {
			isa = PBXFrameworksBuildPhase;
			buildActionMask = 2147483647;
			files = (
			);
			runOnlyForDeploymentPostprocessing = 0;
		};
		EAB3219D25FEFEFD00ABD25B /* Frameworks */ = {
			isa = PBXFrameworksBuildPhase;
			buildActionMask = 2147483647;
			files = (
			);
			runOnlyForDeploymentPostprocessing = 0;
		};
		EAB321A825FEFEFD00ABD25B /* Frameworks */ = {
			isa = PBXFrameworksBuildPhase;
			buildActionMask = 2147483647;
			files = (
			);
			runOnlyForDeploymentPostprocessing = 0;
		};
/* End PBXFrameworksBuildPhase section */

/* Begin PBXGroup section */
		EAB3218125FEFEFC00ABD25B = {
			isa = PBXGroup;
			children = (
				EAB3218C25FEFEFC00ABD25B /* TabBarController */,
				EAB321A325FEFEFD00ABD25B /* TabBarControllerTests */,
				EAB321AE25FEFEFD00ABD25B /* TabBarControllerUITests */,
				EAB3218B25FEFEFC00ABD25B /* Products */,
			);
			sourceTree = "<group>";
		};
		EAB3218B25FEFEFC00ABD25B /* Products */ = {
			isa = PBXGroup;
			children = (
				EAB3218A25FEFEFC00ABD25B /* TabBarController.app */,
				EAB321A025FEFEFD00ABD25B /* TabBarControllerTests.xctest */,
				EAB321AB25FEFEFD00ABD25B /* TabBarControllerUITests.xctest */,
			);
			name = Products;
			sourceTree = "<group>";
		};
		EAB3218C25FEFEFC00ABD25B /* TabBarController */ = {
			isa = PBXGroup;
			children = (
				EAB321C325FF1E3900ABD25B /* UI */,
				EAB3218D25FEFEFC00ABD25B /* AppDelegate.swift */,
				EAB3218F25FEFEFC00ABD25B /* SceneDelegate.swift */,
				EAB3219325FEFEFC00ABD25B /* Main.storyboard */,
				EAB3219625FEFEFD00ABD25B /* Assets.xcassets */,
				EAB3219825FEFEFD00ABD25B /* LaunchScreen.storyboard */,
				EAB3219B25FEFEFD00ABD25B /* Info.plist */,
				EA88929B264BCA700058E2D7 /* test.storyboard */,
				EA8892A1264BD0B20058E2D7 /* MainViewController.swift */,
				EA8892A3264BD1060058E2D7 /* TestViewController.swift */,
			);
			path = TabBarController;
			sourceTree = "<group>";
		};
		EAB321A325FEFEFD00ABD25B /* TabBarControllerTests */ = {
			isa = PBXGroup;
			children = (
				EAB321A425FEFEFD00ABD25B /* TabBarControllerTests.swift */,
				EAB321A625FEFEFD00ABD25B /* Info.plist */,
			);
			path = TabBarControllerTests;
			sourceTree = "<group>";
		};
		EAB321AE25FEFEFD00ABD25B /* TabBarControllerUITests */ = {
			isa = PBXGroup;
			children = (
				EAB321AF25FEFEFD00ABD25B /* TabBarControllerUITests.swift */,
				EAB321B125FEFEFD00ABD25B /* Info.plist */,
			);
			path = TabBarControllerUITests;
			sourceTree = "<group>";
		};
		EAB321C325FF1E3900ABD25B /* UI */ = {
			isa = PBXGroup;
			children = (
				EAB3219125FEFEFC00ABD25B /* RedViewController.swift */,
				EAB321CC25FF1E5C00ABD25B /* OrangeViewController.swift */,
				EAB321C425FF1E5100ABD25B /* YellowViewController.swift */,
			);
			path = UI;
			sourceTree = "<group>";
		};
/* End PBXGroup section */

/* Begin PBXNativeTarget section */
		EAB3218925FEFEFC00ABD25B /* TabBarController */ = {
			isa = PBXNativeTarget;
			buildConfigurationList = EAB321B425FEFEFD00ABD25B /* Build configuration list for PBXNativeTarget "TabBarController" */;
			buildPhases = (
				EAB3218625FEFEFC00ABD25B /* Sources */,
				EAB3218725FEFEFC00ABD25B /* Frameworks */,
				EAB3218825FEFEFC00ABD25B /* Resources */,
			);
			buildRules = (
			);
			dependencies = (
			);
			name = TabBarController;
			productName = TabBarController;
			productReference = EAB3218A25FEFEFC00ABD25B /* TabBarController.app */;
			productType = "com.apple.product-type.application";
		};
		EAB3219F25FEFEFD00ABD25B /* TabBarControllerTests */ = {
			isa = PBXNativeTarget;
			buildConfigurationList = EAB321B725FEFEFD00ABD25B /* Build configuration list for PBXNativeTarget "TabBarControllerTests" */;
			buildPhases = (
				EAB3219C25FEFEFD00ABD25B /* Sources */,
				EAB3219D25FEFEFD00ABD25B /* Frameworks */,
				EAB3219E25FEFEFD00ABD25B /* Resources */,
			);
			buildRules = (
			);
			dependencies = (
				EAB321A225FEFEFD00ABD25B /* PBXTargetDependency */,
			);
			name = TabBarControllerTests;
			productName = TabBarControllerTests;
			productReference = EAB321A025FEFEFD00ABD25B /* TabBarControllerTests.xctest */;
			productType = "com.apple.product-type.bundle.unit-test";
		};
		EAB321AA25FEFEFD00ABD25B /* TabBarControllerUITests */ = {
			isa = PBXNativeTarget;
			buildConfigurationList = EAB321BA25FEFEFD00ABD25B /* Build configuration list for PBXNativeTarget "TabBarControllerUITests" */;
			buildPhases = (
				EAB321A725FEFEFD00ABD25B /* Sources */,
				EAB321A825FEFEFD00ABD25B /* Frameworks */,
				EAB321A925FEFEFD00ABD25B /* Resources */,
			);
			buildRules = (
			);
			dependencies = (
				EAB321AD25FEFEFD00ABD25B /* PBXTargetDependency */,
			);
			name = TabBarControllerUITests;
			productName = TabBarControllerUITests;
			productReference = EAB321AB25FEFEFD00ABD25B /* TabBarControllerUITests.xctest */;
			productType = "com.apple.product-type.bundle.ui-testing";
		};
/* End PBXNativeTarget section */

/* Begin PBXProject section */
		EAB3218225FEFEFC00ABD25B /* Project object */ = {
			isa = PBXProject;
			attributes = {
				LastSwiftUpdateCheck = 1240;
				LastUpgradeCheck = 1240;
				TargetAttributes = {
					EAB3218925FEFEFC00ABD25B = {
						CreatedOnToolsVersion = 12.4;
					};
					EAB3219F25FEFEFD00ABD25B = {
						CreatedOnToolsVersion = 12.4;
						TestTargetID = EAB3218925FEFEFC00ABD25B;
					};
					EAB321AA25FEFEFD00ABD25B = {
						CreatedOnToolsVersion = 12.4;
						TestTargetID = EAB3218925FEFEFC00ABD25B;
					};
				};
			};
			buildConfigurationList = EAB3218525FEFEFC00ABD25B /* Build configuration list for PBXProject "TabBarController" */;
			compatibilityVersion = "Xcode 9.3";
			developmentRegion = en;
			hasScannedForEncodings = 0;
			knownRegions = (
				en,
				Base,
			);
			mainGroup = EAB3218125FEFEFC00ABD25B;
			productRefGroup = EAB3218B25FEFEFC00ABD25B /* Products */;
			projectDirPath = "";
			projectRoot = "";
			targets = (
				EAB3218925FEFEFC00ABD25B /* TabBarController */,
				EAB3219F25FEFEFD00ABD25B /* TabBarControllerTests */,
				EAB321AA25FEFEFD00ABD25B /* TabBarControllerUITests */,
			);
		};
/* End PBXProject section */

/* Begin PBXResourcesBuildPhase section */
		EAB3218825FEFEFC00ABD25B /* Resources */ = {
			isa = PBXResourcesBuildPhase;
			buildActionMask = 2147483647;
			files = (
				EAB3219A25FEFEFD00ABD25B /* LaunchScreen.storyboard in Resources */,
				EAB3219725FEFEFD00ABD25B /* Assets.xcassets in Resources */,
				EA88929C264BCA700058E2D7 /* test.storyboard in Resources */,
				EAB3219525FEFEFC00ABD25B /* Main.storyboard in Resources */,
			);
			runOnlyForDeploymentPostprocessing = 0;
		};
		EAB3219E25FEFEFD00ABD25B /* Resources */ = {
			isa = PBXResourcesBuildPhase;
			buildActionMask = 2147483647;
			files = (
			);
			runOnlyForDeploymentPostprocessing = 0;
		};
		EAB321A925FEFEFD00ABD25B /* Resources */ = {
			isa = PBXResourcesBuildPhase;
			buildActionMask = 2147483647;
			files = (
			);
			runOnlyForDeploymentPostprocessing = 0;
		};
/* End PBXResourcesBuildPhase section */

/* Begin PBXSourcesBuildPhase section */
		EAB3218625FEFEFC00ABD25B /* Sources */ = {
			isa = PBXSourcesBuildPhase;
			buildActionMask = 2147483647;
			files = (
				EA8892A4264BD1060058E2D7 /* TestViewController.swift in Sources */,
				EA8892A2264BD0B20058E2D7 /* MainViewController.swift in Sources */,
				EAB321C525FF1E5100ABD25B /* YellowViewController.swift in Sources */,
				EAB321CD25FF1E5C00ABD25B /* OrangeViewController.swift in Sources */,
				EAB3219225FEFEFC00ABD25B /* RedViewController.swift in Sources */,
				EAB3218E25FEFEFC00ABD25B /* AppDelegate.swift in Sources */,
				EAB3219025FEFEFC00ABD25B /* SceneDelegate.swift in Sources */,
			);
			runOnlyForDeploymentPostprocessing = 0;
		};
		EAB3219C25FEFEFD00ABD25B /* Sources */ = {
			isa = PBXSourcesBuildPhase;
			buildActionMask = 2147483647;
			files = (
				EAB321A525FEFEFD00ABD25B /* TabBarControllerTests.swift in Sources */,
			);
			runOnlyForDeploymentPostprocessing = 0;
		};
		EAB321A725FEFEFD00ABD25B /* Sources */ = {
			isa = PBXSourcesBuildPhase;
			buildActionMask = 2147483647;
			files = (
				EAB321B025FEFEFD00ABD25B /* TabBarControllerUITests.swift in Sources */,
			);
			runOnlyForDeploymentPostprocessing = 0;
		};
/* End PBXSourcesBuildPhase section */

/* Begin PBXTargetDependency section */
		EAB321A225FEFEFD00ABD25B /* PBXTargetDependency */ = {
			isa = PBXTargetDependency;
			target = EAB3218925FEFEFC00ABD25B /* TabBarController */;
			targetProxy = EAB321A125FEFEFD00ABD25B /* PBXContainerItemProxy */;
		};
		EAB321AD25FEFEFD00ABD25B /* PBXTargetDependency */ = {
			isa = PBXTargetDependency;
			target = EAB3218925FEFEFC00ABD25B /* TabBarController */;
			targetProxy = EAB321AC25FEFEFD00ABD25B /* PBXContainerItemProxy */;
		};
/* End PBXTargetDependency section */

/* Begin PBXVariantGroup section */
		EAB3219325FEFEFC00ABD25B /* Main.storyboard */ = {
			isa = PBXVariantGroup;
			children = (
				EAB3219425FEFEFC00ABD25B /* Base */,
			);
			name = Main.storyboard;
			sourceTree = "<group>";
		};
		EAB3219825FEFEFD00ABD25B /* LaunchScreen.storyboard */ = {
			isa = PBXVariantGroup;
			children = (
				EAB3219925FEFEFD00ABD25B /* Base */,
			);
			name = LaunchScreen.storyboard;
			sourceTree = "<group>";
		};
/* End PBXVariantGroup section */

/* Begin XCBuildConfiguration section */
		EAB321B225FEFEFD00ABD25B /* Debug */ = {
			isa = XCBuildConfiguration;
			buildSettings = {
				ALWAYS_SEARCH_USER_PATHS = NO;
				CLANG_ANALYZER_NONNULL = YES;
				CLANG_ANALYZER_NUMBER_OBJECT_CONVERSION = YES_AGGRESSIVE;
				CLANG_CXX_LANGUAGE_STANDARD = "gnu++14";
				CLANG_CXX_LIBRARY = "libc++";
				CLANG_ENABLE_MODULES = YES;
				CLANG_ENABLE_OBJC_ARC = YES;
				CLANG_ENABLE_OBJC_WEAK = YES;
				CLANG_WARN_BLOCK_CAPTURE_AUTORELEASING = YES;
				CLANG_WARN_BOOL_CONVERSION = YES;
				CLANG_WARN_COMMA = YES;
				CLANG_WARN_CONSTANT_CONVERSION = YES;
				CLANG_WARN_DEPRECATED_OBJC_IMPLEMENTATIONS = YES;
				CLANG_WARN_DIRECT_OBJC_ISA_USAGE = YES_ERROR;
				CLANG_WARN_DOCUMENTATION_COMMENTS = YES;
				CLANG_WARN_EMPTY_BODY = YES;
				CLANG_WARN_ENUM_CONVERSION = YES;
				CLANG_WARN_INFINITE_RECURSION = YES;
				CLANG_WARN_INT_CONVERSION = YES;
				CLANG_WARN_NON_LITERAL_NULL_CONVERSION = YES;
				CLANG_WARN_OBJC_IMPLICIT_RETAIN_SELF = YES;
				CLANG_WARN_OBJC_LITERAL_CONVERSION = YES;
				CLANG_WARN_OBJC_ROOT_CLASS = YES_ERROR;
				CLANG_WARN_QUOTED_INCLUDE_IN_FRAMEWORK_HEADER = YES;
				CLANG_WARN_RANGE_LOOP_ANALYSIS = YES;
				CLANG_WARN_STRICT_PROTOTYPES = YES;
				CLANG_WARN_SUSPICIOUS_MOVE = YES;
				CLANG_WARN_UNGUARDED_AVAILABILITY = YES_AGGRESSIVE;
				CLANG_WARN_UNREACHABLE_CODE = YES;
				CLANG_WARN__DUPLICATE_METHOD_MATCH = YES;
				COPY_PHASE_STRIP = NO;
				DEBUG_INFORMATION_FORMAT = dwarf;
				ENABLE_STRICT_OBJC_MSGSEND = YES;
				ENABLE_TESTABILITY = YES;
				GCC_C_LANGUAGE_STANDARD = gnu11;
				GCC_DYNAMIC_NO_PIC = NO;
				GCC_NO_COMMON_BLOCKS = YES;
				GCC_OPTIMIZATION_LEVEL = 0;
				GCC_PREPROCESSOR_DEFINITIONS = (
					"DEBUG=1",
					"$(inherited)",
				);
				GCC_WARN_64_TO_32_BIT_CONVERSION = YES;
				GCC_WARN_ABOUT_RETURN_TYPE = YES_ERROR;
				GCC_WARN_UNDECLARED_SELECTOR = YES;
				GCC_WARN_UNINITIALIZED_AUTOS = YES_AGGRESSIVE;
				GCC_WARN_UNUSED_FUNCTION = YES;
				GCC_WARN_UNUSED_VARIABLE = YES;
				IPHONEOS_DEPLOYMENT_TARGET = 14.4;
				MTL_ENABLE_DEBUG_INFO = INCLUDE_SOURCE;
				MTL_FAST_MATH = YES;
				ONLY_ACTIVE_ARCH = YES;
				SDKROOT = iphoneos;
				SWIFT_ACTIVE_COMPILATION_CONDITIONS = DEBUG;
				SWIFT_OPTIMIZATION_LEVEL = "-Onone";
			};
			name = Debug;
		};
		EAB321B325FEFEFD00ABD25B /* Release */ = {
			isa = XCBuildConfiguration;
			buildSettings = {
				ALWAYS_SEARCH_USER_PATHS = NO;
				CLANG_ANALYZER_NONNULL = YES;
				CLANG_ANALYZER_NUMBER_OBJECT_CONVERSION = YES_AGGRESSIVE;
				CLANG_CXX_LANGUAGE_STANDARD = "gnu++14";
				CLANG_CXX_LIBRARY = "libc++";
				CLANG_ENABLE_MODULES = YES;
				CLANG_ENABLE_OBJC_ARC = YES;
				CLANG_ENABLE_OBJC_WEAK = YES;
				CLANG_WARN_BLOCK_CAPTURE_AUTORELEASING = YES;
				CLANG_WARN_BOOL_CONVERSION = YES;
				CLANG_WARN_COMMA = YES;
				CLANG_WARN_CONSTANT_CONVERSION = YES;
				CLANG_WARN_DEPRECATED_OBJC_IMPLEMENTATIONS = YES;
				CLANG_WARN_DIRECT_OBJC_ISA_USAGE = YES_ERROR;
				CLANG_WARN_DOCUMENTATION_COMMENTS = YES;
				CLANG_WARN_EMPTY_BODY = YES;
				CLANG_WARN_ENUM_CONVERSION = YES;
				CLANG_WARN_INFINITE_RECURSION = YES;
				CLANG_WARN_INT_CONVERSION = YES;
				CLANG_WARN_NON_LITERAL_NULL_CONVERSION = YES;
				CLANG_WARN_OBJC_IMPLICIT_RETAIN_SELF = YES;
				CLANG_WARN_OBJC_LITERAL_CONVERSION = YES;
				CLANG_WARN_OBJC_ROOT_CLASS = YES_ERROR;
				CLANG_WARN_QUOTED_INCLUDE_IN_FRAMEWORK_HEADER = YES;
				CLANG_WARN_RANGE_LOOP_ANALYSIS = YES;
				CLANG_WARN_STRICT_PROTOTYPES = YES;
				CLANG_WARN_SUSPICIOUS_MOVE = YES;
				CLANG_WARN_UNGUARDED_AVAILABILITY = YES_AGGRESSIVE;
				CLANG_WARN_UNREACHABLE_CODE = YES;
				CLANG_WARN__DUPLICATE_METHOD_MATCH = YES;
				COPY_PHASE_STRIP = NO;
				DEBUG_INFORMATION_FORMAT = "dwarf-with-dsym";
				ENABLE_NS_ASSERTIONS = NO;
				ENABLE_STRICT_OBJC_MSGSEND = YES;
				GCC_C_LANGUAGE_STANDARD = gnu11;
				GCC_NO_COMMON_BLOCKS = YES;
				GCC_WARN_64_TO_32_BIT_CONVERSION = YES;
				GCC_WARN_ABOUT_RETURN_TYPE = YES_ERROR;
				GCC_WARN_UNDECLARED_SELECTOR = YES;
				GCC_WARN_UNINITIALIZED_AUTOS = YES_AGGRESSIVE;
				GCC_WARN_UNUSED_FUNCTION = YES;
				GCC_WARN_UNUSED_VARIABLE = YES;
				IPHONEOS_DEPLOYMENT_TARGET = 14.4;
				MTL_ENABLE_DEBUG_INFO = NO;
				MTL_FAST_MATH = YES;
				SDKROOT = iphoneos;
				SWIFT_COMPILATION_MODE = wholemodule;
				SWIFT_OPTIMIZATION_LEVEL = "-O";
				VALIDATE_PRODUCT = YES;
			};
			name = Release;
		};
		EAB321B525FEFEFD00ABD25B /* Debug */ = {
			isa = XCBuildConfiguration;
			buildSettings = {
				ASSETCATALOG_COMPILER_APPICON_NAME = AppIcon;
				ASSETCATALOG_COMPILER_GLOBAL_ACCENT_COLOR_NAME = AccentColor;
				CODE_SIGN_STYLE = Automatic;
				DEVELOPMENT_TEAM = HUUUBGL4W2;
				INFOPLIST_FILE = TabBarController/Info.plist;
				LD_RUNPATH_SEARCH_PATHS = (
					"$(inherited)",
					"@executable_path/Frameworks",
				);
				PRODUCT_BUNDLE_IDENTIFIER = key.TabBarController;
				PRODUCT_NAME = "$(TARGET_NAME)";
				SWIFT_VERSION = 5.0;
				TARGETED_DEVICE_FAMILY = "1,2";
			};
			name = Debug;
		};
		EAB321B625FEFEFD00ABD25B /* Release */ = {
			isa = XCBuildConfiguration;
			buildSettings = {
				ASSETCATALOG_COMPILER_APPICON_NAME = AppIcon;
				ASSETCATALOG_COMPILER_GLOBAL_ACCENT_COLOR_NAME = AccentColor;
				CODE_SIGN_STYLE = Automatic;
				DEVELOPMENT_TEAM = HUUUBGL4W2;
				INFOPLIST_FILE = TabBarController/Info.plist;
				LD_RUNPATH_SEARCH_PATHS = (
					"$(inherited)",
					"@executable_path/Frameworks",
				);
				PRODUCT_BUNDLE_IDENTIFIER = key.TabBarController;
				PRODUCT_NAME = "$(TARGET_NAME)";
				SWIFT_VERSION = 5.0;
				TARGETED_DEVICE_FAMILY = "1,2";
			};
			name = Release;
		};
		EAB321B825FEFEFD00ABD25B /* Debug */ = {
			isa = XCBuildConfiguration;
			buildSettings = {
				ALWAYS_EMBED_SWIFT_STANDARD_LIBRARIES = YES;
				BUNDLE_LOADER = "$(TEST_HOST)";
				CODE_SIGN_STYLE = Automatic;
				DEVELOPMENT_TEAM = HUUUBGL4W2;
				INFOPLIST_FILE = TabBarControllerTests/Info.plist;
				IPHONEOS_DEPLOYMENT_TARGET = 14.4;
				LD_RUNPATH_SEARCH_PATHS = (
					"$(inherited)",
					"@executable_path/Frameworks",
					"@loader_path/Frameworks",
				);
				PRODUCT_BUNDLE_IDENTIFIER = key.TabBarControllerTests;
				PRODUCT_NAME = "$(TARGET_NAME)";
				SWIFT_VERSION = 5.0;
				TARGETED_DEVICE_FAMILY = "1,2";
				TEST_HOST = "$(BUILT_PRODUCTS_DIR)/TabBarController.app/TabBarController";
			};
			name = Debug;
		};
		EAB321B925FEFEFD00ABD25B /* Release */ = {
			isa = XCBuildConfiguration;
			buildSettings = {
				ALWAYS_EMBED_SWIFT_STANDARD_LIBRARIES = YES;
				BUNDLE_LOADER = "$(TEST_HOST)";
				CODE_SIGN_STYLE = Automatic;
				DEVELOPMENT_TEAM = HUUUBGL4W2;
				INFOPLIST_FILE = TabBarControllerTests/Info.plist;
				IPHONEOS_DEPLOYMENT_TARGET = 14.4;
				LD_RUNPATH_SEARCH_PATHS = (
					"$(inherited)",
					"@executable_path/Frameworks",
					"@loader_path/Frameworks",
				);
				PRODUCT_BUNDLE_IDENTIFIER = key.TabBarControllerTests;
				PRODUCT_NAME = "$(TARGET_NAME)";
				SWIFT_VERSION = 5.0;
				TARGETED_DEVICE_FAMILY = "1,2";
				TEST_HOST = "$(BUILT_PRODUCTS_DIR)/TabBarController.app/TabBarController";
			};
			name = Release;
		};
		EAB321BB25FEFEFD00ABD25B /* Debug */ = {
			isa = XCBuildConfiguration;
			buildSettings = {
				ALWAYS_EMBED_SWIFT_STANDARD_LIBRARIES = YES;
				CODE_SIGN_STYLE = Automatic;
				DEVELOPMENT_TEAM = HUUUBGL4W2;
				INFOPLIST_FILE = TabBarControllerUITests/Info.plist;
				LD_RUNPATH_SEARCH_PATHS = (
					"$(inherited)",
					"@executable_path/Frameworks",
					"@loader_path/Frameworks",
				);
				PRODUCT_BUNDLE_IDENTIFIER = key.TabBarControllerUITests;
				PRODUCT_NAME = "$(TARGET_NAME)";
				SWIFT_VERSION = 5.0;
				TARGETED_DEVICE_FAMILY = "1,2";
				TEST_TARGET_NAME = TabBarController;
			};
			name = Debug;
		};
		EAB321BC25FEFEFD00ABD25B /* Release */ = {
			isa = XCBuildConfiguration;
			buildSettings = {
				ALWAYS_EMBED_SWIFT_STANDARD_LIBRARIES = YES;
				CODE_SIGN_STYLE = Automatic;
				DEVELOPMENT_TEAM = HUUUBGL4W2;
				INFOPLIST_FILE = TabBarControllerUITests/Info.plist;
				LD_RUNPATH_SEARCH_PATHS = (
					"$(inherited)",
					"@executable_path/Frameworks",
					"@loader_path/Frameworks",
				);
				PRODUCT_BUNDLE_IDENTIFIER = key.TabBarControllerUITests;
				PRODUCT_NAME = "$(TARGET_NAME)";
				SWIFT_VERSION = 5.0;
				TARGETED_DEVICE_FAMILY = "1,2";
				TEST_TARGET_NAME = TabBarController;
			};
			name = Release;
		};
/* End XCBuildConfiguration section */

/* Begin XCConfigurationList section */
		EAB3218525FEFEFC00ABD25B /* Build configuration list for PBXProject "TabBarController" */ = {
			isa = XCConfigurationList;
			buildConfigurations = (
				EAB321B225FEFEFD00ABD25B /* Debug */,
				EAB321B325FEFEFD00ABD25B /* Release */,
			);
			defaultConfigurationIsVisible = 0;
			defaultConfigurationName = Release;
		};
		EAB321B425FEFEFD00ABD25B /* Build configuration list for PBXNativeTarget "TabBarController" */ = {
			isa = XCConfigurationList;
			buildConfigurations = (
				EAB321B525FEFEFD00ABD25B /* Debug */,
				EAB321B625FEFEFD00ABD25B /* Release */,
			);
			defaultConfigurationIsVisible = 0;
			defaultConfigurationName = Release;
		};
		EAB321B725FEFEFD00ABD25B /* Build configuration list for PBXNativeTarget "TabBarControllerTests" */ = {
			isa = XCConfigurationList;
			buildConfigurations = (
				EAB321B825FEFEFD00ABD25B /* Debug */,
				EAB321B925FEFEFD00ABD25B /* Release */,
			);
			defaultConfigurationIsVisible = 0;
			defaultConfigurationName = Release;
		};
		EAB321BA25FEFEFD00ABD25B /* Build configuration list for PBXNativeTarget "TabBarControllerUITests" */ = {
			isa = XCConfigurationList;
			buildConfigurations = (
				EAB321BB25FEFEFD00ABD25B /* Debug */,
				EAB321BC25FEFEFD00ABD25B /* Release */,
			);
			defaultConfigurationIsVisible = 0;
			defaultConfigurationName = Release;
		};
/* End XCConfigurationList section */
	};
	rootObject = EAB3218225FEFEFC00ABD25B /* Project object */;
}
