// !$*UTF8*$!
{
	archiveVersion = 1;
	classes = {
	};
	objectVersion = 50;
	objects = {

/* Begin PBXBuildFile section */
		EABE9C8E26019E6100D1BA74 /* AppDelegate.swift in Sources */ = {isa = PBXBuildFile; fileRef = EABE9C8D26019E6100D1BA74 /* AppDelegate.swift */; };
		EABE9C9026019E6100D1BA74 /* SceneDelegate.swift in Sources */ = {isa = PBXBuildFile; fileRef = EABE9C8F26019E6100D1BA74 /* SceneDelegate.swift */; };
		EABE9C9526019E6100D1BA74 /* Main.storyboard in Resources */ = {isa = PBXBuildFile; fileRef = EABE9C9326019E6100D1BA74 /* Main.storyboard */; };
		EABE9C9726019E6200D1BA74 /* Assets.xcassets in Resources */ = {isa = PBXBuildFile; fileRef = EABE9C9626019E6200D1BA74 /* Assets.xcassets */; };
		EABE9C9A26019E6200D1BA74 /* LaunchScreen.storyboard in Resources */ = {isa = PBXBuildFile; fileRef = EABE9C9826019E6200D1BA74 /* LaunchScreen.storyboard */; };
		EABE9CA526019E6200D1BA74 /* EmojiDictionaryTests.swift in Sources */ = {isa = PBXBuildFile; fileRef = EABE9CA426019E6200D1BA74 /* EmojiDictionaryTests.swift */; };
		EABE9CB026019E6200D1BA74 /* EmojiDictionaryUITests.swift in Sources */ = {isa = PBXBuildFile; fileRef = EABE9CAF26019E6200D1BA74 /* EmojiDictionaryUITests.swift */; };
		EABE9CC526019F0E00D1BA74 /* EmojiTableViewController.swift in Sources */ = {isa = PBXBuildFile; fileRef = EABE9CC426019F0E00D1BA74 /* EmojiTableViewController.swift */; };
		EABE9CCD26019F3C00D1BA74 /* EmojiModel.swift in Sources */ = {isa = PBXBuildFile; fileRef = EABE9CCC26019F3C00D1BA74 /* EmojiModel.swift */; };
/* End PBXBuildFile section */

/* Begin PBXContainerItemProxy section */
		EABE9CA126019E6200D1BA74 /* PBXContainerItemProxy */ = {
			isa = PBXContainerItemProxy;
			containerPortal = EABE9C8226019E6100D1BA74 /* Project object */;
			proxyType = 1;
			remoteGlobalIDString = EABE9C8926019E6100D1BA74;
			remoteInfo = EmojiDictionary;
		};
		EABE9CAC26019E6200D1BA74 /* PBXContainerItemProxy */ = {
			isa = PBXContainerItemProxy;
			containerPortal = EABE9C8226019E6100D1BA74 /* Project object */;
			proxyType = 1;
			remoteGlobalIDString = EABE9C8926019E6100D1BA74;
			remoteInfo = EmojiDictionary;
		};
/* End PBXContainerItemProxy section */

/* Begin PBXFileReference section */
		EABE9C8A26019E6100D1BA74 /* EmojiDictionary.app */ = {isa = PBXFileReference; explicitFileType = wrapper.application; includeInIndex = 0; path = EmojiDictionary.app; sourceTree = BUILT_PRODUCTS_DIR; };
		EABE9C8D26019E6100D1BA74 /* AppDelegate.swift */ = {isa = PBXFileReference; lastKnownFileType = sourcecode.swift; path = AppDelegate.swift; sourceTree = "<group>"; };
		EABE9C8F26019E6100D1BA74 /* SceneDelegate.swift */ = {isa = PBXFileReference; lastKnownFileType = sourcecode.swift; path = SceneDelegate.swift; sourceTree = "<group>"; };
		EABE9C9426019E6100D1BA74 /* Base */ = {isa = PBXFileReference; lastKnownFileType = file.storyboard; name = Base; path = Base.lproj/Main.storyboard; sourceTree = "<group>"; };
		EABE9C9626019E6200D1BA74 /* Assets.xcassets */ = {isa = PBXFileReference; lastKnownFileType = folder.assetcatalog; path = Assets.xcassets; sourceTree = "<group>"; };
		EABE9C9926019E6200D1BA74 /* Base */ = {isa = PBXFileReference; lastKnownFileType = file.storyboard; name = Base; path = Base.lproj/LaunchScreen.storyboard; sourceTree = "<group>"; };
		EABE9C9B26019E6200D1BA74 /* Info.plist */ = {isa = PBXFileReference; lastKnownFileType = text.plist.xml; path = Info.plist; sourceTree = "<group>"; };
		EABE9CA026019E6200D1BA74 /* EmojiDictionaryTests.xctest */ = {isa = PBXFileReference; explicitFileType = wrapper.cfbundle; includeInIndex = 0; path = EmojiDictionaryTests.xctest; sourceTree = BUILT_PRODUCTS_DIR; };
		EABE9CA426019E6200D1BA74 /* EmojiDictionaryTests.swift */ = {isa = PBXFileReference; lastKnownFileType = sourcecode.swift; path = EmojiDictionaryTests.swift; sourceTree = "<group>"; };
		EABE9CA626019E6200D1BA74 /* Info.plist */ = {isa = PBXFileReference; lastKnownFileType = text.plist.xml; path = Info.plist; sourceTree = "<group>"; };
		EABE9CAB26019E6200D1BA74 /* EmojiDictionaryUITests.xctest */ = {isa = PBXFileReference; explicitFileType = wrapper.cfbundle; includeInIndex = 0; path = EmojiDictionaryUITests.xctest; sourceTree = BUILT_PRODUCTS_DIR; };
		EABE9CAF26019E6200D1BA74 /* EmojiDictionaryUITests.swift */ = {isa = PBXFileReference; lastKnownFileType = sourcecode.swift; path = EmojiDictionaryUITests.swift; sourceTree = "<group>"; };
		EABE9CB126019E6200D1BA74 /* Info.plist */ = {isa = PBXFileReference; lastKnownFileType = text.plist.xml; path = Info.plist; sourceTree = "<group>"; };
		EABE9CC426019F0E00D1BA74 /* EmojiTableViewController.swift */ = {isa = PBXFileReference; lastKnownFileType = sourcecode.swift; path = EmojiTableViewController.swift; sourceTree = "<group>"; };
		EABE9CCC26019F3C00D1BA74 /* EmojiModel.swift */ = {isa = PBXFileReference; lastKnownFileType = sourcecode.swift; path = EmojiModel.swift; sourceTree = "<group>"; };
/* End PBXFileReference section */

/* Begin PBXFrameworksBuildPhase section */
		EABE9C8726019E6100D1BA74 /* Frameworks */ = {
			isa = PBXFrameworksBuildPhase;
			buildActionMask = 2147483647;
			files = (
			);
			runOnlyForDeploymentPostprocessing = 0;
		};
		EABE9C9D26019E6200D1BA74 /* Frameworks */ = {
			isa = PBXFrameworksBuildPhase;
			buildActionMask = 2147483647;
			files = (
			);
			runOnlyForDeploymentPostprocessing = 0;
		};
		EABE9CA826019E6200D1BA74 /* Frameworks */ = {
			isa = PBXFrameworksBuildPhase;
			buildActionMask = 2147483647;
			files = (
			);
			runOnlyForDeploymentPostprocessing = 0;
		};
/* End PBXFrameworksBuildPhase section */

/* Begin PBXGroup section */
		EABE9C8126019E6100D1BA74 = {
			isa = PBXGroup;
			children = (
				EABE9C8C26019E6100D1BA74 /* EmojiDictionary */,
				EABE9CA326019E6200D1BA74 /* EmojiDictionaryTests */,
				EABE9CAE26019E6200D1BA74 /* EmojiDictionaryUITests */,
				EABE9C8B26019E6100D1BA74 /* Products */,
			);
			sourceTree = "<group>";
		};
		EABE9C8B26019E6100D1BA74 /* Products */ = {
			isa = PBXGroup;
			children = (
				EABE9C8A26019E6100D1BA74 /* EmojiDictionary.app */,
				EABE9CA026019E6200D1BA74 /* EmojiDictionaryTests.xctest */,
				EABE9CAB26019E6200D1BA74 /* EmojiDictionaryUITests.xctest */,
			);
			name = Products;
			sourceTree = "<group>";
		};
		EABE9C8C26019E6100D1BA74 /* EmojiDictionary */ = {
			isa = PBXGroup;
			children = (
				EABE9CCC26019F3C00D1BA74 /* EmojiModel.swift */,
				EABE9CC326019EDF00D1BA74 /* UI */,
				EABE9C8D26019E6100D1BA74 /* AppDelegate.swift */,
				EABE9C8F26019E6100D1BA74 /* SceneDelegate.swift */,
				EABE9C9326019E6100D1BA74 /* Main.storyboard */,
				EABE9C9626019E6200D1BA74 /* Assets.xcassets */,
				EABE9C9826019E6200D1BA74 /* LaunchScreen.storyboard */,
				EABE9C9B26019E6200D1BA74 /* Info.plist */,
			);
			path = EmojiDictionary;
			sourceTree = "<group>";
		};
		EABE9CA326019E6200D1BA74 /* EmojiDictionaryTests */ = {
			isa = PBXGroup;
			children = (
				EABE9CA426019E6200D1BA74 /* EmojiDictionaryTests.swift */,
				EABE9CA626019E6200D1BA74 /* Info.plist */,
			);
			path = EmojiDictionaryTests;
			sourceTree = "<group>";
		};
		EABE9CAE26019E6200D1BA74 /* EmojiDictionaryUITests */ = {
			isa = PBXGroup;
			children = (
				EABE9CAF26019E6200D1BA74 /* EmojiDictionaryUITests.swift */,
				EABE9CB126019E6200D1BA74 /* Info.plist */,
			);
			path = EmojiDictionaryUITests;
			sourceTree = "<group>";
		};
		EABE9CC326019EDF00D1BA74 /* UI */ = {
			isa = PBXGroup;
			children = (
				EABE9CC426019F0E00D1BA74 /* EmojiTableViewController.swift */,
			);
			path = UI;
			sourceTree = "<group>";
		};
/* End PBXGroup section */

/* Begin PBXNativeTarget section */
		EABE9C8926019E6100D1BA74 /* EmojiDictionary */ = {
			isa = PBXNativeTarget;
			buildConfigurationList = EABE9CB426019E6200D1BA74 /* Build configuration list for PBXNativeTarget "EmojiDictionary" */;
			buildPhases = (
				EABE9C8626019E6100D1BA74 /* Sources */,
				EABE9C8726019E6100D1BA74 /* Frameworks */,
				EABE9C8826019E6100D1BA74 /* Resources */,
			);
			buildRules = (
			);
			dependencies = (
			);
			name = EmojiDictionary;
			productName = EmojiDictionary;
			productReference = EABE9C8A26019E6100D1BA74 /* EmojiDictionary.app */;
			productType = "com.apple.product-type.application";
		};
		EABE9C9F26019E6200D1BA74 /* EmojiDictionaryTests */ = {
			isa = PBXNativeTarget;
			buildConfigurationList = EABE9CB726019E6200D1BA74 /* Build configuration list for PBXNativeTarget "EmojiDictionaryTests" */;
			buildPhases = (
				EABE9C9C26019E6200D1BA74 /* Sources */,
				EABE9C9D26019E6200D1BA74 /* Frameworks */,
				EABE9C9E26019E6200D1BA74 /* Resources */,
			);
			buildRules = (
			);
			dependencies = (
				EABE9CA226019E6200D1BA74 /* PBXTargetDependency */,
			);
			name = EmojiDictionaryTests;
			productName = EmojiDictionaryTests;
			productReference = EABE9CA026019E6200D1BA74 /* EmojiDictionaryTests.xctest */;
			productType = "com.apple.product-type.bundle.unit-test";
		};
		EABE9CAA26019E6200D1BA74 /* EmojiDictionaryUITests */ = {
			isa = PBXNativeTarget;
			buildConfigurationList = EABE9CBA26019E6200D1BA74 /* Build configuration list for PBXNativeTarget "EmojiDictionaryUITests" */;
			buildPhases = (
				EABE9CA726019E6200D1BA74 /* Sources */,
				EABE9CA826019E6200D1BA74 /* Frameworks */,
				EABE9CA926019E6200D1BA74 /* Resources */,
			);
			buildRules = (
			);
			dependencies = (
				EABE9CAD26019E6200D1BA74 /* PBXTargetDependency */,
			);
			name = EmojiDictionaryUITests;
			productName = EmojiDictionaryUITests;
			productReference = EABE9CAB26019E6200D1BA74 /* EmojiDictionaryUITests.xctest */;
			productType = "com.apple.product-type.bundle.ui-testing";
		};
/* End PBXNativeTarget section */

/* Begin PBXProject section */
		EABE9C8226019E6100D1BA74 /* Project object */ = {
			isa = PBXProject;
			attributes = {
				LastSwiftUpdateCheck = 1240;
				LastUpgradeCheck = 1240;
				TargetAttributes = {
					EABE9C8926019E6100D1BA74 = {
						CreatedOnToolsVersion = 12.4;
					};
					EABE9C9F26019E6200D1BA74 = {
						CreatedOnToolsVersion = 12.4;
						TestTargetID = EABE9C8926019E6100D1BA74;
					};
					EABE9CAA26019E6200D1BA74 = {
						CreatedOnToolsVersion = 12.4;
						TestTargetID = EABE9C8926019E6100D1BA74;
					};
				};
			};
			buildConfigurationList = EABE9C8526019E6100D1BA74 /* Build configuration list for PBXProject "EmojiDictionary" */;
			compatibilityVersion = "Xcode 9.3";
			developmentRegion = en;
			hasScannedForEncodings = 0;
			knownRegions = (
				en,
				Base,
			);
			mainGroup = EABE9C8126019E6100D1BA74;
			productRefGroup = EABE9C8B26019E6100D1BA74 /* Products */;
			projectDirPath = "";
			projectRoot = "";
			targets = (
				EABE9C8926019E6100D1BA74 /* EmojiDictionary */,
				EABE9C9F26019E6200D1BA74 /* EmojiDictionaryTests */,
				EABE9CAA26019E6200D1BA74 /* EmojiDictionaryUITests */,
			);
		};
/* End PBXProject section */

/* Begin PBXResourcesBuildPhase section */
		EABE9C8826019E6100D1BA74 /* Resources */ = {
			isa = PBXResourcesBuildPhase;
			buildActionMask = 2147483647;
			files = (
				EABE9C9A26019E6200D1BA74 /* LaunchScreen.storyboard in Resources */,
				EABE9C9726019E6200D1BA74 /* Assets.xcassets in Resources */,
				EABE9C9526019E6100D1BA74 /* Main.storyboard in Resources */,
			);
			runOnlyForDeploymentPostprocessing = 0;
		};
		EABE9C9E26019E6200D1BA74 /* Resources */ = {
			isa = PBXResourcesBuildPhase;
			buildActionMask = 2147483647;
			files = (
			);
			runOnlyForDeploymentPostprocessing = 0;
		};
		EABE9CA926019E6200D1BA74 /* Resources */ = {
			isa = PBXResourcesBuildPhase;
			buildActionMask = 2147483647;
			files = (
			);
			runOnlyForDeploymentPostprocessing = 0;
		};
/* End PBXResourcesBuildPhase section */

/* Begin PBXSourcesBuildPhase section */
		EABE9C8626019E6100D1BA74 /* Sources */ = {
			isa = PBXSourcesBuildPhase;
			buildActionMask = 2147483647;
			files = (
				EABE9CCD26019F3C00D1BA74 /* EmojiModel.swift in Sources */,
				EABE9C8E26019E6100D1BA74 /* AppDelegate.swift in Sources */,
				EABE9CC526019F0E00D1BA74 /* EmojiTableViewController.swift in Sources */,
				EABE9C9026019E6100D1BA74 /* SceneDelegate.swift in Sources */,
			);
			runOnlyForDeploymentPostprocessing = 0;
		};
		EABE9C9C26019E6200D1BA74 /* Sources */ = {
			isa = PBXSourcesBuildPhase;
			buildActionMask = 2147483647;
			files = (
				EABE9CA526019E6200D1BA74 /* EmojiDictionaryTests.swift in Sources */,
			);
			runOnlyForDeploymentPostprocessing = 0;
		};
		EABE9CA726019E6200D1BA74 /* Sources */ = {
			isa = PBXSourcesBuildPhase;
			buildActionMask = 2147483647;
			files = (
				EABE9CB026019E6200D1BA74 /* EmojiDictionaryUITests.swift in Sources */,
			);
			runOnlyForDeploymentPostprocessing = 0;
		};
/* End PBXSourcesBuildPhase section */

/* Begin PBXTargetDependency section */
		EABE9CA226019E6200D1BA74 /* PBXTargetDependency */ = {
			isa = PBXTargetDependency;
			target = EABE9C8926019E6100D1BA74 /* EmojiDictionary */;
			targetProxy = EABE9CA126019E6200D1BA74 /* PBXContainerItemProxy */;
		};
		EABE9CAD26019E6200D1BA74 /* PBXTargetDependency */ = {
			isa = PBXTargetDependency;
			target = EABE9C8926019E6100D1BA74 /* EmojiDictionary */;
			targetProxy = EABE9CAC26019E6200D1BA74 /* PBXContainerItemProxy */;
		};
/* End PBXTargetDependency section */

/* Begin PBXVariantGroup section */
		EABE9C9326019E6100D1BA74 /* Main.storyboard */ = {
			isa = PBXVariantGroup;
			children = (
				EABE9C9426019E6100D1BA74 /* Base */,
			);
			name = Main.storyboard;
			sourceTree = "<group>";
		};
		EABE9C9826019E6200D1BA74 /* LaunchScreen.storyboard */ = {
			isa = PBXVariantGroup;
			children = (
				EABE9C9926019E6200D1BA74 /* Base */,
			);
			name = LaunchScreen.storyboard;
			sourceTree = "<group>";
		};
/* End PBXVariantGroup section */

/* Begin XCBuildConfiguration section */
		EABE9CB226019E6200D1BA74 /* Debug */ = {
			isa = XCBuildConfiguration;
			buildSettings = {
				ALWAYS_SEARCH_USER_PATHS = NO;
				CLANG_ANALYZER_NONNULL = YES;
				CLANG_ANALYZER_NUMBER_OBJECT_CONVERSION = YES_AGGRESSIVE;
				CLANG_CXX_LANGUAGE_STANDARD = "gnu++14";
				CLANG_CXX_LIBRARY = "libc++";
				CLANG_ENABLE_MODULES = YES;
				CLANG_ENABLE_OBJC_ARC = YES;
				CLANG_ENABLE_OBJC_WEAK = YES;
				CLANG_WARN_BLOCK_CAPTURE_AUTORELEASING = YES;
				CLANG_WARN_BOOL_CONVERSION = YES;
				CLANG_WARN_COMMA = YES;
				CLANG_WARN_CONSTANT_CONVERSION = YES;
				CLANG_WARN_DEPRECATED_OBJC_IMPLEMENTATIONS = YES;
				CLANG_WARN_DIRECT_OBJC_ISA_USAGE = YES_ERROR;
				CLANG_WARN_DOCUMENTATION_COMMENTS = YES;
				CLANG_WARN_EMPTY_BODY = YES;
				CLANG_WARN_ENUM_CONVERSION = YES;
				CLANG_WARN_INFINITE_RECURSION = YES;
				CLANG_WARN_INT_CONVERSION = YES;
				CLANG_WARN_NON_LITERAL_NULL_CONVERSION = YES;
				CLANG_WARN_OBJC_IMPLICIT_RETAIN_SELF = YES;
				CLANG_WARN_OBJC_LITERAL_CONVERSION = YES;
				CLANG_WARN_OBJC_ROOT_CLASS = YES_ERROR;
				CLANG_WARN_QUOTED_INCLUDE_IN_FRAMEWORK_HEADER = YES;
				CLANG_WARN_RANGE_LOOP_ANALYSIS = YES;
				CLANG_WARN_STRICT_PROTOTYPES = YES;
				CLANG_WARN_SUSPICIOUS_MOVE = YES;
				CLANG_WARN_UNGUARDED_AVAILABILITY = YES_AGGRESSIVE;
				CLANG_WARN_UNREACHABLE_CODE = YES;
				CLANG_WARN__DUPLICATE_METHOD_MATCH = YES;
				COPY_PHASE_STRIP = NO;
				DEBUG_INFORMATION_FORMAT = dwarf;
				ENABLE_STRICT_OBJC_MSGSEND = YES;
				ENABLE_TESTABILITY = YES;
				GCC_C_LANGUAGE_STANDARD = gnu11;
				GCC_DYNAMIC_NO_PIC = NO;
				GCC_NO_COMMON_BLOCKS = YES;
				GCC_OPTIMIZATION_LEVEL = 0;
				GCC_PREPROCESSOR_DEFINITIONS = (
					"DEBUG=1",
					"$(inherited)",
				);
				GCC_WARN_64_TO_32_BIT_CONVERSION = YES;
				GCC_WARN_ABOUT_RETURN_TYPE = YES_ERROR;
				GCC_WARN_UNDECLARED_SELECTOR = YES;
				GCC_WARN_UNINITIALIZED_AUTOS = YES_AGGRESSIVE;
				GCC_WARN_UNUSED_FUNCTION = YES;
				GCC_WARN_UNUSED_VARIABLE = YES;
				IPHONEOS_DEPLOYMENT_TARGET = 14.4;
				MTL_ENABLE_DEBUG_INFO = INCLUDE_SOURCE;
				MTL_FAST_MATH = YES;
				ONLY_ACTIVE_ARCH = YES;
				SDKROOT = iphoneos;
				SWIFT_ACTIVE_COMPILATION_CONDITIONS = DEBUG;
				SWIFT_OPTIMIZATION_LEVEL = "-Onone";
			};
			name = Debug;
		};
		EABE9CB326019E6200D1BA74 /* Release */ = {
			isa = XCBuildConfiguration;
			buildSettings = {
				ALWAYS_SEARCH_USER_PATHS = NO;
				CLANG_ANALYZER_NONNULL = YES;
				CLANG_ANALYZER_NUMBER_OBJECT_CONVERSION = YES_AGGRESSIVE;
				CLANG_CXX_LANGUAGE_STANDARD = "gnu++14";
				CLANG_CXX_LIBRARY = "libc++";
				CLANG_ENABLE_MODULES = YES;
				CLANG_ENABLE_OBJC_ARC = YES;
				CLANG_ENABLE_OBJC_WEAK = YES;
				CLANG_WARN_BLOCK_CAPTURE_AUTORELEASING = YES;
				CLANG_WARN_BOOL_CONVERSION = YES;
				CLANG_WARN_COMMA = YES;
				CLANG_WARN_CONSTANT_CONVERSION = YES;
				CLANG_WARN_DEPRECATED_OBJC_IMPLEMENTATIONS = YES;
				CLANG_WARN_DIRECT_OBJC_ISA_USAGE = YES_ERROR;
				CLANG_WARN_DOCUMENTATION_COMMENTS = YES;
				CLANG_WARN_EMPTY_BODY = YES;
				CLANG_WARN_ENUM_CONVERSION = YES;
				CLANG_WARN_INFINITE_RECURSION = YES;
				CLANG_WARN_INT_CONVERSION = YES;
				CLANG_WARN_NON_LITERAL_NULL_CONVERSION = YES;
				CLANG_WARN_OBJC_IMPLICIT_RETAIN_SELF = YES;
				CLANG_WARN_OBJC_LITERAL_CONVERSION = YES;
				CLANG_WARN_OBJC_ROOT_CLASS = YES_ERROR;
				CLANG_WARN_QUOTED_INCLUDE_IN_FRAMEWORK_HEADER = YES;
				CLANG_WARN_RANGE_LOOP_ANALYSIS = YES;
				CLANG_WARN_STRICT_PROTOTYPES = YES;
				CLANG_WARN_SUSPICIOUS_MOVE = YES;
				CLANG_WARN_UNGUARDED_AVAILABILITY = YES_AGGRESSIVE;
				CLANG_WARN_UNREACHABLE_CODE = YES;
				CLANG_WARN__DUPLICATE_METHOD_MATCH = YES;
				COPY_PHASE_STRIP = NO;
				DEBUG_INFORMATION_FORMAT = "dwarf-with-dsym";
				ENABLE_NS_ASSERTIONS = NO;
				ENABLE_STRICT_OBJC_MSGSEND = YES;
				GCC_C_LANGUAGE_STANDARD = gnu11;
				GCC_NO_COMMON_BLOCKS = YES;
				GCC_WARN_64_TO_32_BIT_CONVERSION = YES;
				GCC_WARN_ABOUT_RETURN_TYPE = YES_ERROR;
				GCC_WARN_UNDECLARED_SELECTOR = YES;
				GCC_WARN_UNINITIALIZED_AUTOS = YES_AGGRESSIVE;
				GCC_WARN_UNUSED_FUNCTION = YES;
				GCC_WARN_UNUSED_VARIABLE = YES;
				IPHONEOS_DEPLOYMENT_TARGET = 14.4;
				MTL_ENABLE_DEBUG_INFO = NO;
				MTL_FAST_MATH = YES;
				SDKROOT = iphoneos;
				SWIFT_COMPILATION_MODE = wholemodule;
				SWIFT_OPTIMIZATION_LEVEL = "-O";
				VALIDATE_PRODUCT = YES;
			};
			name = Release;
		};
		EABE9CB526019E6200D1BA74 /* Debug */ = {
			isa = XCBuildConfiguration;
			buildSettings = {
				ASSETCATALOG_COMPILER_APPICON_NAME = AppIcon;
				ASSETCATALOG_COMPILER_GLOBAL_ACCENT_COLOR_NAME = AccentColor;
				CODE_SIGN_STYLE = Automatic;
				DEVELOPMENT_TEAM = HUUUBGL4W2;
				INFOPLIST_FILE = EmojiDictionary/Info.plist;
				LD_RUNPATH_SEARCH_PATHS = (
					"$(inherited)",
					"@executable_path/Frameworks",
				);
				PRODUCT_BUNDLE_IDENTIFIER = key.EmojiDictionary;
				PRODUCT_NAME = "$(TARGET_NAME)";
				SWIFT_VERSION = 5.0;
				TARGETED_DEVICE_FAMILY = "1,2";
			};
			name = Debug;
		};
		EABE9CB626019E6200D1BA74 /* Release */ = {
			isa = XCBuildConfiguration;
			buildSettings = {
				ASSETCATALOG_COMPILER_APPICON_NAME = AppIcon;
				ASSETCATALOG_COMPILER_GLOBAL_ACCENT_COLOR_NAME = AccentColor;
				CODE_SIGN_STYLE = Automatic;
				DEVELOPMENT_TEAM = HUUUBGL4W2;
				INFOPLIST_FILE = EmojiDictionary/Info.plist;
				LD_RUNPATH_SEARCH_PATHS = (
					"$(inherited)",
					"@executable_path/Frameworks",
				);
				PRODUCT_BUNDLE_IDENTIFIER = key.EmojiDictionary;
				PRODUCT_NAME = "$(TARGET_NAME)";
				SWIFT_VERSION = 5.0;
				TARGETED_DEVICE_FAMILY = "1,2";
			};
			name = Release;
		};
		EABE9CB826019E6200D1BA74 /* Debug */ = {
			isa = XCBuildConfiguration;
			buildSettings = {
				ALWAYS_EMBED_SWIFT_STANDARD_LIBRARIES = YES;
				BUNDLE_LOADER = "$(TEST_HOST)";
				CODE_SIGN_STYLE = Automatic;
				DEVELOPMENT_TEAM = HUUUBGL4W2;
				INFOPLIST_FILE = EmojiDictionaryTests/Info.plist;
				IPHONEOS_DEPLOYMENT_TARGET = 14.4;
				LD_RUNPATH_SEARCH_PATHS = (
					"$(inherited)",
					"@executable_path/Frameworks",
					"@loader_path/Frameworks",
				);
				PRODUCT_BUNDLE_IDENTIFIER = key.EmojiDictionaryTests;
				PRODUCT_NAME = "$(TARGET_NAME)";
				SWIFT_VERSION = 5.0;
				TARGETED_DEVICE_FAMILY = "1,2";
				TEST_HOST = "$(BUILT_PRODUCTS_DIR)/EmojiDictionary.app/EmojiDictionary";
			};
			name = Debug;
		};
		EABE9CB926019E6200D1BA74 /* Release */ = {
			isa = XCBuildConfiguration;
			buildSettings = {
				ALWAYS_EMBED_SWIFT_STANDARD_LIBRARIES = YES;
				BUNDLE_LOADER = "$(TEST_HOST)";
				CODE_SIGN_STYLE = Automatic;
				DEVELOPMENT_TEAM = HUUUBGL4W2;
				INFOPLIST_FILE = EmojiDictionaryTests/Info.plist;
				IPHONEOS_DEPLOYMENT_TARGET = 14.4;
				LD_RUNPATH_SEARCH_PATHS = (
					"$(inherited)",
					"@executable_path/Frameworks",
					"@loader_path/Frameworks",
				);
				PRODUCT_BUNDLE_IDENTIFIER = key.EmojiDictionaryTests;
				PRODUCT_NAME = "$(TARGET_NAME)";
				SWIFT_VERSION = 5.0;
				TARGETED_DEVICE_FAMILY = "1,2";
				TEST_HOST = "$(BUILT_PRODUCTS_DIR)/EmojiDictionary.app/EmojiDictionary";
			};
			name = Release;
		};
		EABE9CBB26019E6200D1BA74 /* Debug */ = {
			isa = XCBuildConfiguration;
			buildSettings = {
				ALWAYS_EMBED_SWIFT_STANDARD_LIBRARIES = YES;
				CODE_SIGN_STYLE = Automatic;
				DEVELOPMENT_TEAM = HUUUBGL4W2;
				INFOPLIST_FILE = EmojiDictionaryUITests/Info.plist;
				LD_RUNPATH_SEARCH_PATHS = (
					"$(inherited)",
					"@executable_path/Frameworks",
					"@loader_path/Frameworks",
				);
				PRODUCT_BUNDLE_IDENTIFIER = key.EmojiDictionaryUITests;
				PRODUCT_NAME = "$(TARGET_NAME)";
				SWIFT_VERSION = 5.0;
				TARGETED_DEVICE_FAMILY = "1,2";
				TEST_TARGET_NAME = EmojiDictionary;
			};
			name = Debug;
		};
		EABE9CBC26019E6200D1BA74 /* Release */ = {
			isa = XCBuildConfiguration;
			buildSettings = {
				ALWAYS_EMBED_SWIFT_STANDARD_LIBRARIES = YES;
				CODE_SIGN_STYLE = Automatic;
				DEVELOPMENT_TEAM = HUUUBGL4W2;
				INFOPLIST_FILE = EmojiDictionaryUITests/Info.plist;
				LD_RUNPATH_SEARCH_PATHS = (
					"$(inherited)",
					"@executable_path/Frameworks",
					"@loader_path/Frameworks",
				);
				PRODUCT_BUNDLE_IDENTIFIER = key.EmojiDictionaryUITests;
				PRODUCT_NAME = "$(TARGET_NAME)";
				SWIFT_VERSION = 5.0;
				TARGETED_DEVICE_FAMILY = "1,2";
				TEST_TARGET_NAME = EmojiDictionary;
			};
			name = Release;
		};
/* End XCBuildConfiguration section */

/* Begin XCConfigurationList section */
		EABE9C8526019E6100D1BA74 /* Build configuration list for PBXProject "EmojiDictionary" */ = {
			isa = XCConfigurationList;
			buildConfigurations = (
				EABE9CB226019E6200D1BA74 /* Debug */,
				EABE9CB326019E6200D1BA74 /* Release */,
			);
			defaultConfigurationIsVisible = 0;
			defaultConfigurationName = Release;
		};
		EABE9CB426019E6200D1BA74 /* Build configuration list for PBXNativeTarget "EmojiDictionary" */ = {
			isa = XCConfigurationList;
			buildConfigurations = (
				EABE9CB526019E6200D1BA74 /* Debug */,
				EABE9CB626019E6200D1BA74 /* Release */,
			);
			defaultConfigurationIsVisible = 0;
			defaultConfigurationName = Release;
		};
		EABE9CB726019E6200D1BA74 /* Build configuration list for PBXNativeTarget "EmojiDictionaryTests" */ = {
			isa = XCConfigurationList;
			buildConfigurations = (
				EABE9CB826019E6200D1BA74 /* Debug */,
				EABE9CB926019E6200D1BA74 /* Release */,
			);
			defaultConfigurationIsVisible = 0;
			defaultConfigurationName = Release;
		};
		EABE9CBA26019E6200D1BA74 /* Build configuration list for PBXNativeTarget "EmojiDictionaryUITests" */ = {
			isa = XCConfigurationList;
			buildConfigurations = (
				EABE9CBB26019E6200D1BA74 /* Debug */,
				EABE9CBC26019E6200D1BA74 /* Release */,
			);
			defaultConfigurationIsVisible = 0;
			defaultConfigurationName = Release;
		};
/* End XCConfigurationList section */
	};
	rootObject = EABE9C8226019E6100D1BA74 /* Project object */;
}
