// !$*UTF8*$!
{
	archiveVersion = 1;
	classes = {
	};
	objectVersion = 50;
	objects = {

/* Begin PBXBuildFile section */
		EA8F6A1826003F7600964204 /* AppDelegate.swift in Sources */ = {isa = PBXBuildFile; fileRef = EA8F6A1726003F7600964204 /* AppDelegate.swift */; };
		EA8F6A1A26003F7600964204 /* SceneDelegate.swift in Sources */ = {isa = PBXBuildFile; fileRef = EA8F6A1926003F7600964204 /* SceneDelegate.swift */; };
		EA8F6A1C26003F7600964204 /* ViewController.swift in Sources */ = {isa = PBXBuildFile; fileRef = EA8F6A1B26003F7600964204 /* ViewController.swift */; };
		EA8F6A1F26003F7600964204 /* Main.storyboard in Resources */ = {isa = PBXBuildFile; fileRef = EA8F6A1D26003F7600964204 /* Main.storyboard */; };
		EA8F6A2126003F7700964204 /* Assets.xcassets in Resources */ = {isa = PBXBuildFile; fileRef = EA8F6A2026003F7700964204 /* Assets.xcassets */; };
		EA8F6A2426003F7700964204 /* LaunchScreen.storyboard in Resources */ = {isa = PBXBuildFile; fileRef = EA8F6A2226003F7700964204 /* LaunchScreen.storyboard */; };
		EA8F6A2F26003F7700964204 /* AppLifeCycleTests.swift in Sources */ = {isa = PBXBuildFile; fileRef = EA8F6A2E26003F7700964204 /* AppLifeCycleTests.swift */; };
		EA8F6A3A26003F7700964204 /* AppLifeCycleUITests.swift in Sources */ = {isa = PBXBuildFile; fileRef = EA8F6A3926003F7700964204 /* AppLifeCycleUITests.swift */; };
		EA8F6A4E260085DE00964204 /* Meal.swift in Sources */ = {isa = PBXBuildFile; fileRef = EA8F6A4D260085DE00964204 /* Meal.swift */; };
		EA8F6A622600869600964204 /* MealListTableViewController.swift in Sources */ = {isa = PBXBuildFile; fileRef = EA8F6A612600869600964204 /* MealListTableViewController.swift */; };
/* End PBXBuildFile section */

/* Begin PBXContainerItemProxy section */
		EA8F6A2B26003F7700964204 /* PBXContainerItemProxy */ = {
			isa = PBXContainerItemProxy;
			containerPortal = EA8F6A0C26003F7600964204 /* Project object */;
			proxyType = 1;
			remoteGlobalIDString = EA8F6A1326003F7600964204;
			remoteInfo = AppLifeCycle;
		};
		EA8F6A3626003F7700964204 /* PBXContainerItemProxy */ = {
			isa = PBXContainerItemProxy;
			containerPortal = EA8F6A0C26003F7600964204 /* Project object */;
			proxyType = 1;
			remoteGlobalIDString = EA8F6A1326003F7600964204;
			remoteInfo = AppLifeCycle;
		};
/* End PBXContainerItemProxy section */

/* Begin PBXFileReference section */
		EA8F6A1426003F7600964204 /* AppLifeCycle.app */ = {isa = PBXFileReference; explicitFileType = wrapper.application; includeInIndex = 0; path = AppLifeCycle.app; sourceTree = BUILT_PRODUCTS_DIR; };
		EA8F6A1726003F7600964204 /* AppDelegate.swift */ = {isa = PBXFileReference; lastKnownFileType = sourcecode.swift; path = AppDelegate.swift; sourceTree = "<group>"; };
		EA8F6A1926003F7600964204 /* SceneDelegate.swift */ = {isa = PBXFileReference; lastKnownFileType = sourcecode.swift; path = SceneDelegate.swift; sourceTree = "<group>"; };
		EA8F6A1B26003F7600964204 /* ViewController.swift */ = {isa = PBXFileReference; lastKnownFileType = sourcecode.swift; path = ViewController.swift; sourceTree = "<group>"; };
		EA8F6A1E26003F7600964204 /* Base */ = {isa = PBXFileReference; lastKnownFileType = file.storyboard; name = Base; path = Base.lproj/Main.storyboard; sourceTree = "<group>"; };
		EA8F6A2026003F7700964204 /* Assets.xcassets */ = {isa = PBXFileReference; lastKnownFileType = folder.assetcatalog; path = Assets.xcassets; sourceTree = "<group>"; };
		EA8F6A2326003F7700964204 /* Base */ = {isa = PBXFileReference; lastKnownFileType = file.storyboard; name = Base; path = Base.lproj/LaunchScreen.storyboard; sourceTree = "<group>"; };
		EA8F6A2526003F7700964204 /* Info.plist */ = {isa = PBXFileReference; lastKnownFileType = text.plist.xml; path = Info.plist; sourceTree = "<group>"; };
		EA8F6A2A26003F7700964204 /* AppLifeCycleTests.xctest */ = {isa = PBXFileReference; explicitFileType = wrapper.cfbundle; includeInIndex = 0; path = AppLifeCycleTests.xctest; sourceTree = BUILT_PRODUCTS_DIR; };
		EA8F6A2E26003F7700964204 /* AppLifeCycleTests.swift */ = {isa = PBXFileReference; lastKnownFileType = sourcecode.swift; path = AppLifeCycleTests.swift; sourceTree = "<group>"; };
		EA8F6A3026003F7700964204 /* Info.plist */ = {isa = PBXFileReference; lastKnownFileType = text.plist.xml; path = Info.plist; sourceTree = "<group>"; };
		EA8F6A3526003F7700964204 /* AppLifeCycleUITests.xctest */ = {isa = PBXFileReference; explicitFileType = wrapper.cfbundle; includeInIndex = 0; path = AppLifeCycleUITests.xctest; sourceTree = BUILT_PRODUCTS_DIR; };
		EA8F6A3926003F7700964204 /* AppLifeCycleUITests.swift */ = {isa = PBXFileReference; lastKnownFileType = sourcecode.swift; path = AppLifeCycleUITests.swift; sourceTree = "<group>"; };
		EA8F6A3B26003F7700964204 /* Info.plist */ = {isa = PBXFileReference; lastKnownFileType = text.plist.xml; path = Info.plist; sourceTree = "<group>"; };
		EA8F6A4D260085DE00964204 /* Meal.swift */ = {isa = PBXFileReference; lastKnownFileType = sourcecode.swift; path = Meal.swift; sourceTree = "<group>"; };
		EA8F6A612600869600964204 /* MealListTableViewController.swift */ = {isa = PBXFileReference; lastKnownFileType = sourcecode.swift; path = MealListTableViewController.swift; sourceTree = "<group>"; };
/* End PBXFileReference section */

/* Begin PBXFrameworksBuildPhase section */
		EA8F6A1126003F7600964204 /* Frameworks */ = {
			isa = PBXFrameworksBuildPhase;
			buildActionMask = 2147483647;
			files = (
			);
			runOnlyForDeploymentPostprocessing = 0;
		};
		EA8F6A2726003F7700964204 /* Frameworks */ = {
			isa = PBXFrameworksBuildPhase;
			buildActionMask = 2147483647;
			files = (
			);
			runOnlyForDeploymentPostprocessing = 0;
		};
		EA8F6A3226003F7700964204 /* Frameworks */ = {
			isa = PBXFrameworksBuildPhase;
			buildActionMask = 2147483647;
			files = (
			);
			runOnlyForDeploymentPostprocessing = 0;
		};
/* End PBXFrameworksBuildPhase section */

/* Begin PBXGroup section */
		EA8F6A0B26003F7600964204 = {
			isa = PBXGroup;
			children = (
				EA8F6A1626003F7600964204 /* AppLifeCycle */,
				EA8F6A2D26003F7700964204 /* AppLifeCycleTests */,
				EA8F6A3826003F7700964204 /* AppLifeCycleUITests */,
				EA8F6A1526003F7600964204 /* Products */,
			);
			sourceTree = "<group>";
		};
		EA8F6A1526003F7600964204 /* Products */ = {
			isa = PBXGroup;
			children = (
				EA8F6A1426003F7600964204 /* AppLifeCycle.app */,
				EA8F6A2A26003F7700964204 /* AppLifeCycleTests.xctest */,
				EA8F6A3526003F7700964204 /* AppLifeCycleUITests.xctest */,
			);
			name = Products;
			sourceTree = "<group>";
		};
		EA8F6A1626003F7600964204 /* AppLifeCycle */ = {
			isa = PBXGroup;
			children = (
				EA8F6A1726003F7600964204 /* AppDelegate.swift */,
				EA8F6A1926003F7600964204 /* SceneDelegate.swift */,
				EA8F6A1B26003F7600964204 /* ViewController.swift */,
				EA8F6A4A260085AE00964204 /* Model */,
				EA8F6A4B260085C400964204 /* ViewControllers */,
				EA8F6A552600863C00964204 /* Views */,
				EA8F6A4C260085D200964204 /* Controller */,
				EA8F6A1D26003F7600964204 /* Main.storyboard */,
				EA8F6A2026003F7700964204 /* Assets.xcassets */,
				EA8F6A2226003F7700964204 /* LaunchScreen.storyboard */,
				EA8F6A2526003F7700964204 /* Info.plist */,
			);
			path = AppLifeCycle;
			sourceTree = "<group>";
		};
		EA8F6A2D26003F7700964204 /* AppLifeCycleTests */ = {
			isa = PBXGroup;
			children = (
				EA8F6A2E26003F7700964204 /* AppLifeCycleTests.swift */,
				EA8F6A3026003F7700964204 /* Info.plist */,
			);
			path = AppLifeCycleTests;
			sourceTree = "<group>";
		};
		EA8F6A3826003F7700964204 /* AppLifeCycleUITests */ = {
			isa = PBXGroup;
			children = (
				EA8F6A3926003F7700964204 /* AppLifeCycleUITests.swift */,
				EA8F6A3B26003F7700964204 /* Info.plist */,
			);
			path = AppLifeCycleUITests;
			sourceTree = "<group>";
		};
		EA8F6A4A260085AE00964204 /* Model */ = {
			isa = PBXGroup;
			children = (
				EA8F6A4D260085DE00964204 /* Meal.swift */,
			);
			path = Model;
			sourceTree = "<group>";
		};
		EA8F6A4B260085C400964204 /* ViewControllers */ = {
			isa = PBXGroup;
			children = (
				EA8F6A612600869600964204 /* MealListTableViewController.swift */,
			);
			path = ViewControllers;
			sourceTree = "<group>";
		};
		EA8F6A4C260085D200964204 /* Controller */ = {
			isa = PBXGroup;
			children = (
			);
			path = Controller;
			sourceTree = "<group>";
		};
		EA8F6A552600863C00964204 /* Views */ = {
			isa = PBXGroup;
			children = (
			);
			path = Views;
			sourceTree = "<group>";
		};
/* End PBXGroup section */

/* Begin PBXNativeTarget section */
		EA8F6A1326003F7600964204 /* AppLifeCycle */ = {
			isa = PBXNativeTarget;
			buildConfigurationList = EA8F6A3E26003F7700964204 /* Build configuration list for PBXNativeTarget "AppLifeCycle" */;
			buildPhases = (
				EA8F6A1026003F7600964204 /* Sources */,
				EA8F6A1126003F7600964204 /* Frameworks */,
				EA8F6A1226003F7600964204 /* Resources */,
			);
			buildRules = (
			);
			dependencies = (
			);
			name = AppLifeCycle;
			productName = AppLifeCycle;
			productReference = EA8F6A1426003F7600964204 /* AppLifeCycle.app */;
			productType = "com.apple.product-type.application";
		};
		EA8F6A2926003F7700964204 /* AppLifeCycleTests */ = {
			isa = PBXNativeTarget;
			buildConfigurationList = EA8F6A4126003F7700964204 /* Build configuration list for PBXNativeTarget "AppLifeCycleTests" */;
			buildPhases = (
				EA8F6A2626003F7700964204 /* Sources */,
				EA8F6A2726003F7700964204 /* Frameworks */,
				EA8F6A2826003F7700964204 /* Resources */,
			);
			buildRules = (
			);
			dependencies = (
				EA8F6A2C26003F7700964204 /* PBXTargetDependency */,
			);
			name = AppLifeCycleTests;
			productName = AppLifeCycleTests;
			productReference = EA8F6A2A26003F7700964204 /* AppLifeCycleTests.xctest */;
			productType = "com.apple.product-type.bundle.unit-test";
		};
		EA8F6A3426003F7700964204 /* AppLifeCycleUITests */ = {
			isa = PBXNativeTarget;
			buildConfigurationList = EA8F6A4426003F7700964204 /* Build configuration list for PBXNativeTarget "AppLifeCycleUITests" */;
			buildPhases = (
				EA8F6A3126003F7700964204 /* Sources */,
				EA8F6A3226003F7700964204 /* Frameworks */,
				EA8F6A3326003F7700964204 /* Resources */,
			);
			buildRules = (
			);
			dependencies = (
				EA8F6A3726003F7700964204 /* PBXTargetDependency */,
			);
			name = AppLifeCycleUITests;
			productName = AppLifeCycleUITests;
			productReference = EA8F6A3526003F7700964204 /* AppLifeCycleUITests.xctest */;
			productType = "com.apple.product-type.bundle.ui-testing";
		};
/* End PBXNativeTarget section */

/* Begin PBXProject section */
		EA8F6A0C26003F7600964204 /* Project object */ = {
			isa = PBXProject;
			attributes = {
				LastSwiftUpdateCheck = 1240;
				LastUpgradeCheck = 1240;
				TargetAttributes = {
					EA8F6A1326003F7600964204 = {
						CreatedOnToolsVersion = 12.4;
					};
					EA8F6A2926003F7700964204 = {
						CreatedOnToolsVersion = 12.4;
						TestTargetID = EA8F6A1326003F7600964204;
					};
					EA8F6A3426003F7700964204 = {
						CreatedOnToolsVersion = 12.4;
						TestTargetID = EA8F6A1326003F7600964204;
					};
				};
			};
			buildConfigurationList = EA8F6A0F26003F7600964204 /* Build configuration list for PBXProject "AppLifeCycle" */;
			compatibilityVersion = "Xcode 9.3";
			developmentRegion = en;
			hasScannedForEncodings = 0;
			knownRegions = (
				en,
				Base,
			);
			mainGroup = EA8F6A0B26003F7600964204;
			productRefGroup = EA8F6A1526003F7600964204 /* Products */;
			projectDirPath = "";
			projectRoot = "";
			targets = (
				EA8F6A1326003F7600964204 /* AppLifeCycle */,
				EA8F6A2926003F7700964204 /* AppLifeCycleTests */,
				EA8F6A3426003F7700964204 /* AppLifeCycleUITests */,
			);
		};
/* End PBXProject section */

/* Begin PBXResourcesBuildPhase section */
		EA8F6A1226003F7600964204 /* Resources */ = {
			isa = PBXResourcesBuildPhase;
			buildActionMask = 2147483647;
			files = (
				EA8F6A2426003F7700964204 /* LaunchScreen.storyboard in Resources */,
				EA8F6A2126003F7700964204 /* Assets.xcassets in Resources */,
				EA8F6A1F26003F7600964204 /* Main.storyboard in Resources */,
			);
			runOnlyForDeploymentPostprocessing = 0;
		};
		EA8F6A2826003F7700964204 /* Resources */ = {
			isa = PBXResourcesBuildPhase;
			buildActionMask = 2147483647;
			files = (
			);
			runOnlyForDeploymentPostprocessing = 0;
		};
		EA8F6A3326003F7700964204 /* Resources */ = {
			isa = PBXResourcesBuildPhase;
			buildActionMask = 2147483647;
			files = (
			);
			runOnlyForDeploymentPostprocessing = 0;
		};
/* End PBXResourcesBuildPhase section */

/* Begin PBXSourcesBuildPhase section */
		EA8F6A1026003F7600964204 /* Sources */ = {
			isa = PBXSourcesBuildPhase;
			buildActionMask = 2147483647;
			files = (
				EA8F6A4E260085DE00964204 /* Meal.swift in Sources */,
				EA8F6A1C26003F7600964204 /* ViewController.swift in Sources */,
				EA8F6A1826003F7600964204 /* AppDelegate.swift in Sources */,
				EA8F6A1A26003F7600964204 /* SceneDelegate.swift in Sources */,
				EA8F6A622600869600964204 /* MealListTableViewController.swift in Sources */,
			);
			runOnlyForDeploymentPostprocessing = 0;
		};
		EA8F6A2626003F7700964204 /* Sources */ = {
			isa = PBXSourcesBuildPhase;
			buildActionMask = 2147483647;
			files = (
				EA8F6A2F26003F7700964204 /* AppLifeCycleTests.swift in Sources */,
			);
			runOnlyForDeploymentPostprocessing = 0;
		};
		EA8F6A3126003F7700964204 /* Sources */ = {
			isa = PBXSourcesBuildPhase;
			buildActionMask = 2147483647;
			files = (
				EA8F6A3A26003F7700964204 /* AppLifeCycleUITests.swift in Sources */,
			);
			runOnlyForDeploymentPostprocessing = 0;
		};
/* End PBXSourcesBuildPhase section */

/* Begin PBXTargetDependency section */
		EA8F6A2C26003F7700964204 /* PBXTargetDependency */ = {
			isa = PBXTargetDependency;
			target = EA8F6A1326003F7600964204 /* AppLifeCycle */;
			targetProxy = EA8F6A2B26003F7700964204 /* PBXContainerItemProxy */;
		};
		EA8F6A3726003F7700964204 /* PBXTargetDependency */ = {
			isa = PBXTargetDependency;
			target = EA8F6A1326003F7600964204 /* AppLifeCycle */;
			targetProxy = EA8F6A3626003F7700964204 /* PBXContainerItemProxy */;
		};
/* End PBXTargetDependency section */

/* Begin PBXVariantGroup section */
		EA8F6A1D26003F7600964204 /* Main.storyboard */ = {
			isa = PBXVariantGroup;
			children = (
				EA8F6A1E26003F7600964204 /* Base */,
			);
			name = Main.storyboard;
			sourceTree = "<group>";
		};
		EA8F6A2226003F7700964204 /* LaunchScreen.storyboard */ = {
			isa = PBXVariantGroup;
			children = (
				EA8F6A2326003F7700964204 /* Base */,
			);
			name = LaunchScreen.storyboard;
			sourceTree = "<group>";
		};
/* End PBXVariantGroup section */

/* Begin XCBuildConfiguration section */
		EA8F6A3C26003F7700964204 /* Debug */ = {
			isa = XCBuildConfiguration;
			buildSettings = {
				ALWAYS_SEARCH_USER_PATHS = NO;
				CLANG_ANALYZER_NONNULL = YES;
				CLANG_ANALYZER_NUMBER_OBJECT_CONVERSION = YES_AGGRESSIVE;
				CLANG_CXX_LANGUAGE_STANDARD = "gnu++14";
				CLANG_CXX_LIBRARY = "libc++";
				CLANG_ENABLE_MODULES = YES;
				CLANG_ENABLE_OBJC_ARC = YES;
				CLANG_ENABLE_OBJC_WEAK = YES;
				CLANG_WARN_BLOCK_CAPTURE_AUTORELEASING = YES;
				CLANG_WARN_BOOL_CONVERSION = YES;
				CLANG_WARN_COMMA = YES;
				CLANG_WARN_CONSTANT_CONVERSION = YES;
				CLANG_WARN_DEPRECATED_OBJC_IMPLEMENTATIONS = YES;
				CLANG_WARN_DIRECT_OBJC_ISA_USAGE = YES_ERROR;
				CLANG_WARN_DOCUMENTATION_COMMENTS = YES;
				CLANG_WARN_EMPTY_BODY = YES;
				CLANG_WARN_ENUM_CONVERSION = YES;
				CLANG_WARN_INFINITE_RECURSION = YES;
				CLANG_WARN_INT_CONVERSION = YES;
				CLANG_WARN_NON_LITERAL_NULL_CONVERSION = YES;
				CLANG_WARN_OBJC_IMPLICIT_RETAIN_SELF = YES;
				CLANG_WARN_OBJC_LITERAL_CONVERSION = YES;
				CLANG_WARN_OBJC_ROOT_CLASS = YES_ERROR;
				CLANG_WARN_QUOTED_INCLUDE_IN_FRAMEWORK_HEADER = YES;
				CLANG_WARN_RANGE_LOOP_ANALYSIS = YES;
				CLANG_WARN_STRICT_PROTOTYPES = YES;
				CLANG_WARN_SUSPICIOUS_MOVE = YES;
				CLANG_WARN_UNGUARDED_AVAILABILITY = YES_AGGRESSIVE;
				CLANG_WARN_UNREACHABLE_CODE = YES;
				CLANG_WARN__DUPLICATE_METHOD_MATCH = YES;
				COPY_PHASE_STRIP = NO;
				DEBUG_INFORMATION_FORMAT = dwarf;
				ENABLE_STRICT_OBJC_MSGSEND = YES;
				ENABLE_TESTABILITY = YES;
				GCC_C_LANGUAGE_STANDARD = gnu11;
				GCC_DYNAMIC_NO_PIC = NO;
				GCC_NO_COMMON_BLOCKS = YES;
				GCC_OPTIMIZATION_LEVEL = 0;
				GCC_PREPROCESSOR_DEFINITIONS = (
					"DEBUG=1",
					"$(inherited)",
				);
				GCC_WARN_64_TO_32_BIT_CONVERSION = YES;
				GCC_WARN_ABOUT_RETURN_TYPE = YES_ERROR;
				GCC_WARN_UNDECLARED_SELECTOR = YES;
				GCC_WARN_UNINITIALIZED_AUTOS = YES_AGGRESSIVE;
				GCC_WARN_UNUSED_FUNCTION = YES;
				GCC_WARN_UNUSED_VARIABLE = YES;
				IPHONEOS_DEPLOYMENT_TARGET = 14.4;
				MTL_ENABLE_DEBUG_INFO = INCLUDE_SOURCE;
				MTL_FAST_MATH = YES;
				ONLY_ACTIVE_ARCH = YES;
				SDKROOT = iphoneos;
				SWIFT_ACTIVE_COMPILATION_CONDITIONS = DEBUG;
				SWIFT_OPTIMIZATION_LEVEL = "-Onone";
			};
			name = Debug;
		};
		EA8F6A3D26003F7700964204 /* Release */ = {
			isa = XCBuildConfiguration;
			buildSettings = {
				ALWAYS_SEARCH_USER_PATHS = NO;
				CLANG_ANALYZER_NONNULL = YES;
				CLANG_ANALYZER_NUMBER_OBJECT_CONVERSION = YES_AGGRESSIVE;
				CLANG_CXX_LANGUAGE_STANDARD = "gnu++14";
				CLANG_CXX_LIBRARY = "libc++";
				CLANG_ENABLE_MODULES = YES;
				CLANG_ENABLE_OBJC_ARC = YES;
				CLANG_ENABLE_OBJC_WEAK = YES;
				CLANG_WARN_BLOCK_CAPTURE_AUTORELEASING = YES;
				CLANG_WARN_BOOL_CONVERSION = YES;
				CLANG_WARN_COMMA = YES;
				CLANG_WARN_CONSTANT_CONVERSION = YES;
				CLANG_WARN_DEPRECATED_OBJC_IMPLEMENTATIONS = YES;
				CLANG_WARN_DIRECT_OBJC_ISA_USAGE = YES_ERROR;
				CLANG_WARN_DOCUMENTATION_COMMENTS = YES;
				CLANG_WARN_EMPTY_BODY = YES;
				CLANG_WARN_ENUM_CONVERSION = YES;
				CLANG_WARN_INFINITE_RECURSION = YES;
				CLANG_WARN_INT_CONVERSION = YES;
				CLANG_WARN_NON_LITERAL_NULL_CONVERSION = YES;
				CLANG_WARN_OBJC_IMPLICIT_RETAIN_SELF = YES;
				CLANG_WARN_OBJC_LITERAL_CONVERSION = YES;
				CLANG_WARN_OBJC_ROOT_CLASS = YES_ERROR;
				CLANG_WARN_QUOTED_INCLUDE_IN_FRAMEWORK_HEADER = YES;
				CLANG_WARN_RANGE_LOOP_ANALYSIS = YES;
				CLANG_WARN_STRICT_PROTOTYPES = YES;
				CLANG_WARN_SUSPICIOUS_MOVE = YES;
				CLANG_WARN_UNGUARDED_AVAILABILITY = YES_AGGRESSIVE;
				CLANG_WARN_UNREACHABLE_CODE = YES;
				CLANG_WARN__DUPLICATE_METHOD_MATCH = YES;
				COPY_PHASE_STRIP = NO;
				DEBUG_INFORMATION_FORMAT = "dwarf-with-dsym";
				ENABLE_NS_ASSERTIONS = NO;
				ENABLE_STRICT_OBJC_MSGSEND = YES;
				GCC_C_LANGUAGE_STANDARD = gnu11;
				GCC_NO_COMMON_BLOCKS = YES;
				GCC_WARN_64_TO_32_BIT_CONVERSION = YES;
				GCC_WARN_ABOUT_RETURN_TYPE = YES_ERROR;
				GCC_WARN_UNDECLARED_SELECTOR = YES;
				GCC_WARN_UNINITIALIZED_AUTOS = YES_AGGRESSIVE;
				GCC_WARN_UNUSED_FUNCTION = YES;
				GCC_WARN_UNUSED_VARIABLE = YES;
				IPHONEOS_DEPLOYMENT_TARGET = 14.4;
				MTL_ENABLE_DEBUG_INFO = NO;
				MTL_FAST_MATH = YES;
				SDKROOT = iphoneos;
				SWIFT_COMPILATION_MODE = wholemodule;
				SWIFT_OPTIMIZATION_LEVEL = "-O";
				VALIDATE_PRODUCT = YES;
			};
			name = Release;
		};
		EA8F6A3F26003F7700964204 /* Debug */ = {
			isa = XCBuildConfiguration;
			buildSettings = {
				ASSETCATALOG_COMPILER_APPICON_NAME = AppIcon;
				ASSETCATALOG_COMPILER_GLOBAL_ACCENT_COLOR_NAME = AccentColor;
				CODE_SIGN_STYLE = Automatic;
				DEVELOPMENT_TEAM = HUUUBGL4W2;
				INFOPLIST_FILE = AppLifeCycle/Info.plist;
				LD_RUNPATH_SEARCH_PATHS = (
					"$(inherited)",
					"@executable_path/Frameworks",
				);
				PRODUCT_BUNDLE_IDENTIFIER = key.AppLifeCycle;
				PRODUCT_NAME = "$(TARGET_NAME)";
				SWIFT_VERSION = 5.0;
				TARGETED_DEVICE_FAMILY = 1;
			};
			name = Debug;
		};
		EA8F6A4026003F7700964204 /* Release */ = {
			isa = XCBuildConfiguration;
			buildSettings = {
				ASSETCATALOG_COMPILER_APPICON_NAME = AppIcon;
				ASSETCATALOG_COMPILER_GLOBAL_ACCENT_COLOR_NAME = AccentColor;
				CODE_SIGN_STYLE = Automatic;
				DEVELOPMENT_TEAM = HUUUBGL4W2;
				INFOPLIST_FILE = AppLifeCycle/Info.plist;
				LD_RUNPATH_SEARCH_PATHS = (
					"$(inherited)",
					"@executable_path/Frameworks",
				);
				PRODUCT_BUNDLE_IDENTIFIER = key.AppLifeCycle;
				PRODUCT_NAME = "$(TARGET_NAME)";
				SWIFT_VERSION = 5.0;
				TARGETED_DEVICE_FAMILY = 1;
			};
			name = Release;
		};
		EA8F6A4226003F7700964204 /* Debug */ = {
			isa = XCBuildConfiguration;
			buildSettings = {
				ALWAYS_EMBED_SWIFT_STANDARD_LIBRARIES = YES;
				BUNDLE_LOADER = "$(TEST_HOST)";
				CODE_SIGN_STYLE = Automatic;
				DEVELOPMENT_TEAM = HUUUBGL4W2;
				INFOPLIST_FILE = AppLifeCycleTests/Info.plist;
				IPHONEOS_DEPLOYMENT_TARGET = 14.4;
				LD_RUNPATH_SEARCH_PATHS = (
					"$(inherited)",
					"@executable_path/Frameworks",
					"@loader_path/Frameworks",
				);
				PRODUCT_BUNDLE_IDENTIFIER = key.AppLifeCycleTests;
				PRODUCT_NAME = "$(TARGET_NAME)";
				SWIFT_VERSION = 5.0;
				TARGETED_DEVICE_FAMILY = "1,2";
				TEST_HOST = "$(BUILT_PRODUCTS_DIR)/AppLifeCycle.app/AppLifeCycle";
			};
			name = Debug;
		};
		EA8F6A4326003F7700964204 /* Release */ = {
			isa = XCBuildConfiguration;
			buildSettings = {
				ALWAYS_EMBED_SWIFT_STANDARD_LIBRARIES = YES;
				BUNDLE_LOADER = "$(TEST_HOST)";
				CODE_SIGN_STYLE = Automatic;
				DEVELOPMENT_TEAM = HUUUBGL4W2;
				INFOPLIST_FILE = AppLifeCycleTests/Info.plist;
				IPHONEOS_DEPLOYMENT_TARGET = 14.4;
				LD_RUNPATH_SEARCH_PATHS = (
					"$(inherited)",
					"@executable_path/Frameworks",
					"@loader_path/Frameworks",
				);
				PRODUCT_BUNDLE_IDENTIFIER = key.AppLifeCycleTests;
				PRODUCT_NAME = "$(TARGET_NAME)";
				SWIFT_VERSION = 5.0;
				TARGETED_DEVICE_FAMILY = "1,2";
				TEST_HOST = "$(BUILT_PRODUCTS_DIR)/AppLifeCycle.app/AppLifeCycle";
			};
			name = Release;
		};
		EA8F6A4526003F7700964204 /* Debug */ = {
			isa = XCBuildConfiguration;
			buildSettings = {
				ALWAYS_EMBED_SWIFT_STANDARD_LIBRARIES = YES;
				CODE_SIGN_STYLE = Automatic;
				DEVELOPMENT_TEAM = HUUUBGL4W2;
				INFOPLIST_FILE = AppLifeCycleUITests/Info.plist;
				LD_RUNPATH_SEARCH_PATHS = (
					"$(inherited)",
					"@executable_path/Frameworks",
					"@loader_path/Frameworks",
				);
				PRODUCT_BUNDLE_IDENTIFIER = key.AppLifeCycleUITests;
				PRODUCT_NAME = "$(TARGET_NAME)";
				SWIFT_VERSION = 5.0;
				TARGETED_DEVICE_FAMILY = "1,2";
				TEST_TARGET_NAME = AppLifeCycle;
			};
			name = Debug;
		};
		EA8F6A4626003F7700964204 /* Release */ = {
			isa = XCBuildConfiguration;
			buildSettings = {
				ALWAYS_EMBED_SWIFT_STANDARD_LIBRARIES = YES;
				CODE_SIGN_STYLE = Automatic;
				DEVELOPMENT_TEAM = HUUUBGL4W2;
				INFOPLIST_FILE = AppLifeCycleUITests/Info.plist;
				LD_RUNPATH_SEARCH_PATHS = (
					"$(inherited)",
					"@executable_path/Frameworks",
					"@loader_path/Frameworks",
				);
				PRODUCT_BUNDLE_IDENTIFIER = key.AppLifeCycleUITests;
				PRODUCT_NAME = "$(TARGET_NAME)";
				SWIFT_VERSION = 5.0;
				TARGETED_DEVICE_FAMILY = "1,2";
				TEST_TARGET_NAME = AppLifeCycle;
			};
			name = Release;
		};
/* End XCBuildConfiguration section */

/* Begin XCConfigurationList section */
		EA8F6A0F26003F7600964204 /* Build configuration list for PBXProject "AppLifeCycle" */ = {
			isa = XCConfigurationList;
			buildConfigurations = (
				EA8F6A3C26003F7700964204 /* Debug */,
				EA8F6A3D26003F7700964204 /* Release */,
			);
			defaultConfigurationIsVisible = 0;
			defaultConfigurationName = Release;
		};
		EA8F6A3E26003F7700964204 /* Build configuration list for PBXNativeTarget "AppLifeCycle" */ = {
			isa = XCConfigurationList;
			buildConfigurations = (
				EA8F6A3F26003F7700964204 /* Debug */,
				EA8F6A4026003F7700964204 /* Release */,
			);
			defaultConfigurationIsVisible = 0;
			defaultConfigurationName = Release;
		};
		EA8F6A4126003F7700964204 /* Build configuration list for PBXNativeTarget "AppLifeCycleTests" */ = {
			isa = XCConfigurationList;
			buildConfigurations = (
				EA8F6A4226003F7700964204 /* Debug */,
				EA8F6A4326003F7700964204 /* Release */,
			);
			defaultConfigurationIsVisible = 0;
			defaultConfigurationName = Release;
		};
		EA8F6A4426003F7700964204 /* Build configuration list for PBXNativeTarget "AppLifeCycleUITests" */ = {
			isa = XCConfigurationList;
			buildConfigurations = (
				EA8F6A4526003F7700964204 /* Debug */,
				EA8F6A4626003F7700964204 /* Release */,
			);
			defaultConfigurationIsVisible = 0;
			defaultConfigurationName = Release;
		};
/* End XCConfigurationList section */
	};
	rootObject = EA8F6A0C26003F7600964204 /* Project object */;
}
