// !$*UTF8*$!
{
	archiveVersion = 1;
	classes = {
	};
	objectVersion = 51;
	objects = {

/* Begin PBXBuildFile section */
		35323597ADB6F410410B5F80 /* Pods_WebViewPage_WebViewPageUITests.framework in Frameworks */ = {isa = PBXBuildFile; fileRef = 64CEEC5842791CB122CDD090 /* Pods_WebViewPage_WebViewPageUITests.framework */; };
		A47E5D3A363B29173E26027C /* Pods_WebViewPage.framework in Frameworks */ = {isa = PBXBuildFile; fileRef = 7839C5F5BEC25F61F645ECB3 /* Pods_WebViewPage.framework */; };
		EA1565EC26140C4700F126B9 /* AppDelegate.swift in Sources */ = {isa = PBXBuildFile; fileRef = EA1565EB26140C4700F126B9 /* AppDelegate.swift */; };
		EA1565EE26140C4700F126B9 /* SceneDelegate.swift in Sources */ = {isa = PBXBuildFile; fileRef = EA1565ED26140C4700F126B9 /* SceneDelegate.swift */; };
		EA1565F326140C4700F126B9 /* Main.storyboard in Resources */ = {isa = PBXBuildFile; fileRef = EA1565F126140C4700F126B9 /* Main.storyboard */; };
		EA1565F526140C4900F126B9 /* Assets.xcassets in Resources */ = {isa = PBXBuildFile; fileRef = EA1565F426140C4900F126B9 /* Assets.xcassets */; };
		EA1565F826140C4900F126B9 /* LaunchScreen.storyboard in Resources */ = {isa = PBXBuildFile; fileRef = EA1565F626140C4900F126B9 /* LaunchScreen.storyboard */; };
		EA15660326140C4900F126B9 /* WebViewPageTests.swift in Sources */ = {isa = PBXBuildFile; fileRef = EA15660226140C4900F126B9 /* WebViewPageTests.swift */; };
		EA15660E26140C4900F126B9 /* WebViewPageUITests.swift in Sources */ = {isa = PBXBuildFile; fileRef = EA15660D26140C4900F126B9 /* WebViewPageUITests.swift */; };
		EA1566382614389100F126B9 /* HomePageViewController.swift in Sources */ = {isa = PBXBuildFile; fileRef = EA1566372614389100F126B9 /* HomePageViewController.swift */; };
		EA15664426143B1D00F126B9 /* FirstViewController.swift in Sources */ = {isa = PBXBuildFile; fileRef = EA15664326143B1D00F126B9 /* FirstViewController.swift */; };
		EA15664926143B2500F126B9 /* SecondViewController.swift in Sources */ = {isa = PBXBuildFile; fileRef = EA15664826143B2500F126B9 /* SecondViewController.swift */; };
		EA15664E26143B2E00F126B9 /* ThirdViewController.swift in Sources */ = {isa = PBXBuildFile; fileRef = EA15664D26143B2E00F126B9 /* ThirdViewController.swift */; };
		EA15665326143B3600F126B9 /* ForthViewController.swift in Sources */ = {isa = PBXBuildFile; fileRef = EA15665226143B3600F126B9 /* ForthViewController.swift */; };
		EA15665826143C9B00F126B9 /* SideMenuViewController.swift in Sources */ = {isa = PBXBuildFile; fileRef = EA15665726143C9B00F126B9 /* SideMenuViewController.swift */; };
		EA15665E2614480C00F126B9 /* HomePage+UIPageViewControllerDataSource.swift in Sources */ = {isa = PBXBuildFile; fileRef = EA15665D2614480C00F126B9 /* HomePage+UIPageViewControllerDataSource.swift */; };
		EA15666B2614493300F126B9 /* SideMenuTableViewCell.swift in Sources */ = {isa = PBXBuildFile; fileRef = EA15666A2614493300F126B9 /* SideMenuTableViewCell.swift */; };
		EA15667426144B5900F126B9 /* GalleryViewController.swift in Sources */ = {isa = PBXBuildFile; fileRef = EA15667326144B5900F126B9 /* GalleryViewController.swift */; };
		EA15667B2614508700F126B9 /* FirstTableViewCell.swift in Sources */ = {isa = PBXBuildFile; fileRef = EA15667A2614508700F126B9 /* FirstTableViewCell.swift */; };
		EA15668B2614527700F126B9 /* SecondTableViewCell.swift in Sources */ = {isa = PBXBuildFile; fileRef = EA15668A2614527700F126B9 /* SecondTableViewCell.swift */; };
		EA1566912614538D00F126B9 /* ThirdTableViewCell.swift in Sources */ = {isa = PBXBuildFile; fileRef = EA1566902614538D00F126B9 /* ThirdTableViewCell.swift */; };
		EA15669D2614551700F126B9 /* ForthTableViewCell.swift in Sources */ = {isa = PBXBuildFile; fileRef = EA15669C2614551700F126B9 /* ForthTableViewCell.swift */; };
		EA7CC03426169D99007581F8 /* Data.swift in Sources */ = {isa = PBXBuildFile; fileRef = EA7CC03326169D99007581F8 /* Data.swift */; };
		EA7CC03D2616AA75007581F8 /* DataInfoController.swift in Sources */ = {isa = PBXBuildFile; fileRef = EA7CC03C2616AA75007581F8 /* DataInfoController.swift */; };
		EA7CC0452616D3B5007581F8 /* GalleryCollectionViewCell.swift in Sources */ = {isa = PBXBuildFile; fileRef = EA7CC0442616D3B5007581F8 /* GalleryCollectionViewCell.swift */; };
		F151DC5DED4D0549B4651306 /* Pods_WebViewPageTests.framework in Frameworks */ = {isa = PBXBuildFile; fileRef = 9E1CCD17267301355904C075 /* Pods_WebViewPageTests.framework */; };
/* End PBXBuildFile section */

/* Begin PBXContainerItemProxy section */
		EA1565FF26140C4900F126B9 /* PBXContainerItemProxy */ = {
			isa = PBXContainerItemProxy;
			containerPortal = EA1565E026140C4700F126B9 /* Project object */;
			proxyType = 1;
			remoteGlobalIDString = EA1565E726140C4700F126B9;
			remoteInfo = WebViewPage;
		};
		EA15660A26140C4900F126B9 /* PBXContainerItemProxy */ = {
			isa = PBXContainerItemProxy;
			containerPortal = EA1565E026140C4700F126B9 /* Project object */;
			proxyType = 1;
			remoteGlobalIDString = EA1565E726140C4700F126B9;
			remoteInfo = WebViewPage;
		};
/* End PBXContainerItemProxy section */

/* Begin PBXFileReference section */
		2328ED055C912CE3A4B655BC /* Pods-WebViewPage.debug.xcconfig */ = {isa = PBXFileReference; includeInIndex = 1; lastKnownFileType = text.xcconfig; name = "Pods-WebViewPage.debug.xcconfig"; path = "Target Support Files/Pods-WebViewPage/Pods-WebViewPage.debug.xcconfig"; sourceTree = "<group>"; };
		64CEEC5842791CB122CDD090 /* Pods_WebViewPage_WebViewPageUITests.framework */ = {isa = PBXFileReference; explicitFileType = wrapper.framework; includeInIndex = 0; path = Pods_WebViewPage_WebViewPageUITests.framework; sourceTree = BUILT_PRODUCTS_DIR; };
		7839C5F5BEC25F61F645ECB3 /* Pods_WebViewPage.framework */ = {isa = PBXFileReference; explicitFileType = wrapper.framework; includeInIndex = 0; path = Pods_WebViewPage.framework; sourceTree = BUILT_PRODUCTS_DIR; };
		9E1CCD17267301355904C075 /* Pods_WebViewPageTests.framework */ = {isa = PBXFileReference; explicitFileType = wrapper.framework; includeInIndex = 0; path = Pods_WebViewPageTests.framework; sourceTree = BUILT_PRODUCTS_DIR; };
		BCB4FF57E7F734FBA8F7B480 /* Pods-WebViewPageTests.release.xcconfig */ = {isa = PBXFileReference; includeInIndex = 1; lastKnownFileType = text.xcconfig; name = "Pods-WebViewPageTests.release.xcconfig"; path = "Target Support Files/Pods-WebViewPageTests/Pods-WebViewPageTests.release.xcconfig"; sourceTree = "<group>"; };
		BD0B5A8939048A5DB9B07DB8 /* Pods-WebViewPageTests.debug.xcconfig */ = {isa = PBXFileReference; includeInIndex = 1; lastKnownFileType = text.xcconfig; name = "Pods-WebViewPageTests.debug.xcconfig"; path = "Target Support Files/Pods-WebViewPageTests/Pods-WebViewPageTests.debug.xcconfig"; sourceTree = "<group>"; };
		CA63DB4E91C4EF560CC149AF /* Pods-WebViewPage-WebViewPageUITests.release.xcconfig */ = {isa = PBXFileReference; includeInIndex = 1; lastKnownFileType = text.xcconfig; name = "Pods-WebViewPage-WebViewPageUITests.release.xcconfig"; path = "Target Support Files/Pods-WebViewPage-WebViewPageUITests/Pods-WebViewPage-WebViewPageUITests.release.xcconfig"; sourceTree = "<group>"; };
		E17AC3FA0D2DA424D70BE122 /* Pods-WebViewPage.release.xcconfig */ = {isa = PBXFileReference; includeInIndex = 1; lastKnownFileType = text.xcconfig; name = "Pods-WebViewPage.release.xcconfig"; path = "Target Support Files/Pods-WebViewPage/Pods-WebViewPage.release.xcconfig"; sourceTree = "<group>"; };
		EA1565E826140C4700F126B9 /* WebViewPage.app */ = {isa = PBXFileReference; explicitFileType = wrapper.application; includeInIndex = 0; path = WebViewPage.app; sourceTree = BUILT_PRODUCTS_DIR; };
		EA1565EB26140C4700F126B9 /* AppDelegate.swift */ = {isa = PBXFileReference; lastKnownFileType = sourcecode.swift; path = AppDelegate.swift; sourceTree = "<group>"; };
		EA1565ED26140C4700F126B9 /* SceneDelegate.swift */ = {isa = PBXFileReference; lastKnownFileType = sourcecode.swift; path = SceneDelegate.swift; sourceTree = "<group>"; };
		EA1565F226140C4700F126B9 /* Base */ = {isa = PBXFileReference; lastKnownFileType = file.storyboard; name = Base; path = Base.lproj/Main.storyboard; sourceTree = "<group>"; };
		EA1565F426140C4900F126B9 /* Assets.xcassets */ = {isa = PBXFileReference; lastKnownFileType = folder.assetcatalog; path = Assets.xcassets; sourceTree = "<group>"; };
		EA1565F726140C4900F126B9 /* Base */ = {isa = PBXFileReference; lastKnownFileType = file.storyboard; name = Base; path = Base.lproj/LaunchScreen.storyboard; sourceTree = "<group>"; };
		EA1565F926140C4900F126B9 /* Info.plist */ = {isa = PBXFileReference; lastKnownFileType = text.plist.xml; path = Info.plist; sourceTree = "<group>"; };
		EA1565FE26140C4900F126B9 /* WebViewPageTests.xctest */ = {isa = PBXFileReference; explicitFileType = wrapper.cfbundle; includeInIndex = 0; path = WebViewPageTests.xctest; sourceTree = BUILT_PRODUCTS_DIR; };
		EA15660226140C4900F126B9 /* WebViewPageTests.swift */ = {isa = PBXFileReference; lastKnownFileType = sourcecode.swift; path = WebViewPageTests.swift; sourceTree = "<group>"; };
		EA15660426140C4900F126B9 /* Info.plist */ = {isa = PBXFileReference; lastKnownFileType = text.plist.xml; path = Info.plist; sourceTree = "<group>"; };
		EA15660926140C4900F126B9 /* WebViewPageUITests.xctest */ = {isa = PBXFileReference; explicitFileType = wrapper.cfbundle; includeInIndex = 0; path = WebViewPageUITests.xctest; sourceTree = BUILT_PRODUCTS_DIR; };
		EA15660D26140C4900F126B9 /* WebViewPageUITests.swift */ = {isa = PBXFileReference; lastKnownFileType = sourcecode.swift; path = WebViewPageUITests.swift; sourceTree = "<group>"; };
		EA15660F26140C4900F126B9 /* Info.plist */ = {isa = PBXFileReference; lastKnownFileType = text.plist.xml; path = Info.plist; sourceTree = "<group>"; };
		EA1566372614389100F126B9 /* HomePageViewController.swift */ = {isa = PBXFileReference; lastKnownFileType = sourcecode.swift; path = HomePageViewController.swift; sourceTree = "<group>"; };
		EA15664326143B1D00F126B9 /* FirstViewController.swift */ = {isa = PBXFileReference; lastKnownFileType = sourcecode.swift; path = FirstViewController.swift; sourceTree = "<group>"; };
		EA15664826143B2500F126B9 /* SecondViewController.swift */ = {isa = PBXFileReference; lastKnownFileType = sourcecode.swift; path = SecondViewController.swift; sourceTree = "<group>"; };
		EA15664D26143B2E00F126B9 /* ThirdViewController.swift */ = {isa = PBXFileReference; lastKnownFileType = sourcecode.swift; path = ThirdViewController.swift; sourceTree = "<group>"; };
		EA15665226143B3600F126B9 /* ForthViewController.swift */ = {isa = PBXFileReference; lastKnownFileType = sourcecode.swift; path = ForthViewController.swift; sourceTree = "<group>"; };
		EA15665726143C9B00F126B9 /* SideMenuViewController.swift */ = {isa = PBXFileReference; lastKnownFileType = sourcecode.swift; path = SideMenuViewController.swift; sourceTree = "<group>"; };
		EA15665D2614480C00F126B9 /* HomePage+UIPageViewControllerDataSource.swift */ = {isa = PBXFileReference; lastKnownFileType = sourcecode.swift; path = "HomePage+UIPageViewControllerDataSource.swift"; sourceTree = "<group>"; };
		EA15666A2614493300F126B9 /* SideMenuTableViewCell.swift */ = {isa = PBXFileReference; lastKnownFileType = sourcecode.swift; path = SideMenuTableViewCell.swift; sourceTree = "<group>"; };
		EA15667326144B5900F126B9 /* GalleryViewController.swift */ = {isa = PBXFileReference; lastKnownFileType = sourcecode.swift; path = GalleryViewController.swift; sourceTree = "<group>"; };
		EA15667A2614508700F126B9 /* FirstTableViewCell.swift */ = {isa = PBXFileReference; lastKnownFileType = sourcecode.swift; path = FirstTableViewCell.swift; sourceTree = "<group>"; };
		EA15668A2614527700F126B9 /* SecondTableViewCell.swift */ = {isa = PBXFileReference; lastKnownFileType = sourcecode.swift; path = SecondTableViewCell.swift; sourceTree = "<group>"; };
		EA1566902614538D00F126B9 /* ThirdTableViewCell.swift */ = {isa = PBXFileReference; lastKnownFileType = sourcecode.swift; path = ThirdTableViewCell.swift; sourceTree = "<group>"; };
		EA15669C2614551700F126B9 /* ForthTableViewCell.swift */ = {isa = PBXFileReference; lastKnownFileType = sourcecode.swift; path = ForthTableViewCell.swift; sourceTree = "<group>"; };
		EA7CC03326169D99007581F8 /* Data.swift */ = {isa = PBXFileReference; lastKnownFileType = sourcecode.swift; path = Data.swift; sourceTree = "<group>"; };
		EA7CC03C2616AA75007581F8 /* DataInfoController.swift */ = {isa = PBXFileReference; lastKnownFileType = sourcecode.swift; path = DataInfoController.swift; sourceTree = "<group>"; };
		EA7CC0442616D3B5007581F8 /* GalleryCollectionViewCell.swift */ = {isa = PBXFileReference; lastKnownFileType = sourcecode.swift; path = GalleryCollectionViewCell.swift; sourceTree = "<group>"; };
		FC3B2598B71CFE029E562977 /* Pods-WebViewPage-WebViewPageUITests.debug.xcconfig */ = {isa = PBXFileReference; includeInIndex = 1; lastKnownFileType = text.xcconfig; name = "Pods-WebViewPage-WebViewPageUITests.debug.xcconfig"; path = "Target Support Files/Pods-WebViewPage-WebViewPageUITests/Pods-WebViewPage-WebViewPageUITests.debug.xcconfig"; sourceTree = "<group>"; };
/* End PBXFileReference section */

/* Begin PBXFrameworksBuildPhase section */
		EA1565E526140C4700F126B9 /* Frameworks */ = {
			isa = PBXFrameworksBuildPhase;
			buildActionMask = 2147483647;
			files = (
				A47E5D3A363B29173E26027C /* Pods_WebViewPage.framework in Frameworks */,
			);
			runOnlyForDeploymentPostprocessing = 0;
		};
		EA1565FB26140C4900F126B9 /* Frameworks */ = {
			isa = PBXFrameworksBuildPhase;
			buildActionMask = 2147483647;
			files = (
				F151DC5DED4D0549B4651306 /* Pods_WebViewPageTests.framework in Frameworks */,
			);
			runOnlyForDeploymentPostprocessing = 0;
		};
		EA15660626140C4900F126B9 /* Frameworks */ = {
			isa = PBXFrameworksBuildPhase;
			buildActionMask = 2147483647;
			files = (
				35323597ADB6F410410B5F80 /* Pods_WebViewPage_WebViewPageUITests.framework in Frameworks */,
			);
			runOnlyForDeploymentPostprocessing = 0;
		};
/* End PBXFrameworksBuildPhase section */

/* Begin PBXGroup section */
		5F90E91598DB82241AD59C38 /* Pods */ = {
			isa = PBXGroup;
			children = (
				2328ED055C912CE3A4B655BC /* Pods-WebViewPage.debug.xcconfig */,
				E17AC3FA0D2DA424D70BE122 /* Pods-WebViewPage.release.xcconfig */,
				FC3B2598B71CFE029E562977 /* Pods-WebViewPage-WebViewPageUITests.debug.xcconfig */,
				CA63DB4E91C4EF560CC149AF /* Pods-WebViewPage-WebViewPageUITests.release.xcconfig */,
				BD0B5A8939048A5DB9B07DB8 /* Pods-WebViewPageTests.debug.xcconfig */,
				BCB4FF57E7F734FBA8F7B480 /* Pods-WebViewPageTests.release.xcconfig */,
			);
			path = Pods;
			sourceTree = "<group>";
		};
		B76C919F9C75936DBF1D9DCD /* Frameworks */ = {
			isa = PBXGroup;
			children = (
				7839C5F5BEC25F61F645ECB3 /* Pods_WebViewPage.framework */,
				64CEEC5842791CB122CDD090 /* Pods_WebViewPage_WebViewPageUITests.framework */,
				9E1CCD17267301355904C075 /* Pods_WebViewPageTests.framework */,
			);
			name = Frameworks;
			sourceTree = "<group>";
		};
		EA1565DF26140C4700F126B9 = {
			isa = PBXGroup;
			children = (
				EA1565EA26140C4700F126B9 /* WebViewPage */,
				EA15660126140C4900F126B9 /* WebViewPageTests */,
				EA15660C26140C4900F126B9 /* WebViewPageUITests */,
				EA1565E926140C4700F126B9 /* Products */,
				5F90E91598DB82241AD59C38 /* Pods */,
				B76C919F9C75936DBF1D9DCD /* Frameworks */,
			);
			sourceTree = "<group>";
		};
		EA1565E926140C4700F126B9 /* Products */ = {
			isa = PBXGroup;
			children = (
				EA1565E826140C4700F126B9 /* WebViewPage.app */,
				EA1565FE26140C4900F126B9 /* WebViewPageTests.xctest */,
				EA15660926140C4900F126B9 /* WebViewPageUITests.xctest */,
			);
			name = Products;
			sourceTree = "<group>";
		};
		EA1565EA26140C4700F126B9 /* WebViewPage */ = {
			isa = PBXGroup;
			children = (
				EA7CC03B2616AA63007581F8 /* Controller */,
				EA7CC03226169D8F007581F8 /* Model */,
				EA1566362614387200F126B9 /* UI */,
				EA1565EB26140C4700F126B9 /* AppDelegate.swift */,
				EA1565ED26140C4700F126B9 /* SceneDelegate.swift */,
				EA1565F126140C4700F126B9 /* Main.storyboard */,
				EA1565F426140C4900F126B9 /* Assets.xcassets */,
				EA1565F626140C4900F126B9 /* LaunchScreen.storyboard */,
				EA1565F926140C4900F126B9 /* Info.plist */,
			);
			path = WebViewPage;
			sourceTree = "<group>";
		};
		EA15660126140C4900F126B9 /* WebViewPageTests */ = {
			isa = PBXGroup;
			children = (
				EA15660226140C4900F126B9 /* WebViewPageTests.swift */,
				EA15660426140C4900F126B9 /* Info.plist */,
			);
			path = WebViewPageTests;
			sourceTree = "<group>";
		};
		EA15660C26140C4900F126B9 /* WebViewPageUITests */ = {
			isa = PBXGroup;
			children = (
				EA15660D26140C4900F126B9 /* WebViewPageUITests.swift */,
				EA15660F26140C4900F126B9 /* Info.plist */,
			);
			path = WebViewPageUITests;
			sourceTree = "<group>";
		};
		EA1566362614387200F126B9 /* UI */ = {
			isa = PBXGroup;
			children = (
				EA15664226143AB000F126B9 /* ViewControllers */,
			);
			path = UI;
			sourceTree = "<group>";
		};
		EA15664226143AB000F126B9 /* ViewControllers */ = {
			isa = PBXGroup;
			children = (
				EA1566792614507300F126B9 /* FirstViewController */,
				EA1566892614526300F126B9 /* SecondViewController */,
				EA15668F2614537400F126B9 /* ThirdViewController */,
				EA156698261454E500F126B9 /* ForthViewController */,
				EA15667226144B4C00F126B9 /* GalleryViewController */,
				EA1566692614491C00F126B9 /* SideMenuController */,
				EA15665C261447EB00F126B9 /* PageViewController */,
			);
			path = ViewControllers;
			sourceTree = "<group>";
		};
		EA15665C261447EB00F126B9 /* PageViewController */ = {
			isa = PBXGroup;
			children = (
				EA1566372614389100F126B9 /* HomePageViewController.swift */,
				EA15665D2614480C00F126B9 /* HomePage+UIPageViewControllerDataSource.swift */,
			);
			path = PageViewController;
			sourceTree = "<group>";
		};
		EA1566692614491C00F126B9 /* SideMenuController */ = {
			isa = PBXGroup;
			children = (
				EA15665726143C9B00F126B9 /* SideMenuViewController.swift */,
				EA15666A2614493300F126B9 /* SideMenuTableViewCell.swift */,
			);
			path = SideMenuController;
			sourceTree = "<group>";
		};
		EA15667226144B4C00F126B9 /* GalleryViewController */ = {
			isa = PBXGroup;
			children = (
				EA15667326144B5900F126B9 /* GalleryViewController.swift */,
				EA7CC0442616D3B5007581F8 /* GalleryCollectionViewCell.swift */,
			);
			path = GalleryViewController;
			sourceTree = "<group>";
		};
		EA1566792614507300F126B9 /* FirstViewController */ = {
			isa = PBXGroup;
			children = (
				EA15664326143B1D00F126B9 /* FirstViewController.swift */,
				EA15667A2614508700F126B9 /* FirstTableViewCell.swift */,
			);
			path = FirstViewController;
			sourceTree = "<group>";
		};
		EA1566892614526300F126B9 /* SecondViewController */ = {
			isa = PBXGroup;
			children = (
				EA15664826143B2500F126B9 /* SecondViewController.swift */,
				EA15668A2614527700F126B9 /* SecondTableViewCell.swift */,
			);
			path = SecondViewController;
			sourceTree = "<group>";
		};
		EA15668F2614537400F126B9 /* ThirdViewController */ = {
			isa = PBXGroup;
			children = (
				EA15664D26143B2E00F126B9 /* ThirdViewController.swift */,
				EA1566902614538D00F126B9 /* ThirdTableViewCell.swift */,
			);
			path = ThirdViewController;
			sourceTree = "<group>";
		};
		EA156698261454E500F126B9 /* ForthViewController */ = {
			isa = PBXGroup;
			children = (
				EA15665226143B3600F126B9 /* ForthViewController.swift */,
				EA15669C2614551700F126B9 /* ForthTableViewCell.swift */,
			);
			path = ForthViewController;
			sourceTree = "<group>";
		};
		EA7CC03226169D8F007581F8 /* Model */ = {
			isa = PBXGroup;
			children = (
				EA7CC03326169D99007581F8 /* Data.swift */,
			);
			path = Model;
			sourceTree = "<group>";
		};
		EA7CC03B2616AA63007581F8 /* Controller */ = {
			isa = PBXGroup;
			children = (
				EA7CC03C2616AA75007581F8 /* DataInfoController.swift */,
			);
			path = Controller;
			sourceTree = "<group>";
		};
/* End PBXGroup section */

/* Begin PBXNativeTarget section */
		EA1565E726140C4700F126B9 /* WebViewPage */ = {
			isa = PBXNativeTarget;
			buildConfigurationList = EA15661226140C4900F126B9 /* Build configuration list for PBXNativeTarget "WebViewPage" */;
			buildPhases = (
				FE8CE5C288CDEEFB9690D246 /* [CP] Check Pods Manifest.lock */,
				EA1565E426140C4700F126B9 /* Sources */,
				EA1565E526140C4700F126B9 /* Frameworks */,
				EA1565E626140C4700F126B9 /* Resources */,
				0074F764D99004F157C81BA8 /* [CP] Embed Pods Frameworks */,
			);
			buildRules = (
			);
			dependencies = (
			);
			name = WebViewPage;
			productName = WebViewPage;
			productReference = EA1565E826140C4700F126B9 /* WebViewPage.app */;
			productType = "com.apple.product-type.application";
		};
		EA1565FD26140C4900F126B9 /* WebViewPageTests */ = {
			isa = PBXNativeTarget;
			buildConfigurationList = EA15661526140C4900F126B9 /* Build configuration list for PBXNativeTarget "WebViewPageTests" */;
			buildPhases = (
				3A2E90AFB94213BEA13272CC /* [CP] Check Pods Manifest.lock */,
				EA1565FA26140C4900F126B9 /* Sources */,
				EA1565FB26140C4900F126B9 /* Frameworks */,
				EA1565FC26140C4900F126B9 /* Resources */,
			);
			buildRules = (
			);
			dependencies = (
				EA15660026140C4900F126B9 /* PBXTargetDependency */,
			);
			name = WebViewPageTests;
			productName = WebViewPageTests;
			productReference = EA1565FE26140C4900F126B9 /* WebViewPageTests.xctest */;
			productType = "com.apple.product-type.bundle.unit-test";
		};
		EA15660826140C4900F126B9 /* WebViewPageUITests */ = {
			isa = PBXNativeTarget;
			buildConfigurationList = EA15661826140C4900F126B9 /* Build configuration list for PBXNativeTarget "WebViewPageUITests" */;
			buildPhases = (
				9662611A7A0769DF86B5DEE7 /* [CP] Check Pods Manifest.lock */,
				EA15660526140C4900F126B9 /* Sources */,
				EA15660626140C4900F126B9 /* Frameworks */,
				EA15660726140C4900F126B9 /* Resources */,
				64168C4110D6EDE7E72AA081 /* [CP] Embed Pods Frameworks */,
			);
			buildRules = (
			);
			dependencies = (
				EA15660B26140C4900F126B9 /* PBXTargetDependency */,
			);
			name = WebViewPageUITests;
			productName = WebViewPageUITests;
			productReference = EA15660926140C4900F126B9 /* WebViewPageUITests.xctest */;
			productType = "com.apple.product-type.bundle.ui-testing";
		};
/* End PBXNativeTarget section */

/* Begin PBXProject section */
		EA1565E026140C4700F126B9 /* Project object */ = {
			isa = PBXProject;
			attributes = {
				LastSwiftUpdateCheck = 1240;
				LastUpgradeCheck = 1240;
				TargetAttributes = {
					EA1565E726140C4700F126B9 = {
						CreatedOnToolsVersion = 12.4;
					};
					EA1565FD26140C4900F126B9 = {
						CreatedOnToolsVersion = 12.4;
						TestTargetID = EA1565E726140C4700F126B9;
					};
					EA15660826140C4900F126B9 = {
						CreatedOnToolsVersion = 12.4;
						TestTargetID = EA1565E726140C4700F126B9;
					};
				};
			};
			buildConfigurationList = EA1565E326140C4700F126B9 /* Build configuration list for PBXProject "WebViewPage" */;
			compatibilityVersion = "Xcode 9.3";
			developmentRegion = en;
			hasScannedForEncodings = 0;
			knownRegions = (
				en,
				Base,
			);
			mainGroup = EA1565DF26140C4700F126B9;
			productRefGroup = EA1565E926140C4700F126B9 /* Products */;
			projectDirPath = "";
			projectRoot = "";
			targets = (
				EA1565E726140C4700F126B9 /* WebViewPage */,
				EA1565FD26140C4900F126B9 /* WebViewPageTests */,
				EA15660826140C4900F126B9 /* WebViewPageUITests */,
			);
		};
/* End PBXProject section */

/* Begin PBXResourcesBuildPhase section */
		EA1565E626140C4700F126B9 /* Resources */ = {
			isa = PBXResourcesBuildPhase;
			buildActionMask = 2147483647;
			files = (
				EA1565F826140C4900F126B9 /* LaunchScreen.storyboard in Resources */,
				EA1565F526140C4900F126B9 /* Assets.xcassets in Resources */,
				EA1565F326140C4700F126B9 /* Main.storyboard in Resources */,
			);
			runOnlyForDeploymentPostprocessing = 0;
		};
		EA1565FC26140C4900F126B9 /* Resources */ = {
			isa = PBXResourcesBuildPhase;
			buildActionMask = 2147483647;
			files = (
			);
			runOnlyForDeploymentPostprocessing = 0;
		};
		EA15660726140C4900F126B9 /* Resources */ = {
			isa = PBXResourcesBuildPhase;
			buildActionMask = 2147483647;
			files = (
			);
			runOnlyForDeploymentPostprocessing = 0;
		};
/* End PBXResourcesBuildPhase section */

/* Begin PBXShellScriptBuildPhase section */
		0074F764D99004F157C81BA8 /* [CP] Embed Pods Frameworks */ = {
			isa = PBXShellScriptBuildPhase;
			buildActionMask = 2147483647;
			files = (
			);
			inputFileListPaths = (
				"${PODS_ROOT}/Target Support Files/Pods-WebViewPage/Pods-WebViewPage-frameworks-${CONFIGURATION}-input-files.xcfilelist",
			);
			name = "[CP] Embed Pods Frameworks";
			outputFileListPaths = (
				"${PODS_ROOT}/Target Support Files/Pods-WebViewPage/Pods-WebViewPage-frameworks-${CONFIGURATION}-output-files.xcfilelist",
			);
			runOnlyForDeploymentPostprocessing = 0;
			shellPath = /bin/sh;
			shellScript = "\"${PODS_ROOT}/Target Support Files/Pods-WebViewPage/Pods-WebViewPage-frameworks.sh\"\n";
			showEnvVarsInLog = 0;
		};
		3A2E90AFB94213BEA13272CC /* [CP] Check Pods Manifest.lock */ = {
			isa = PBXShellScriptBuildPhase;
			buildActionMask = 2147483647;
			files = (
			);
			inputFileListPaths = (
			);
			inputPaths = (
				"${PODS_PODFILE_DIR_PATH}/Podfile.lock",
				"${PODS_ROOT}/Manifest.lock",
			);
			name = "[CP] Check Pods Manifest.lock";
			outputFileListPaths = (
			);
			outputPaths = (
				"$(DERIVED_FILE_DIR)/Pods-WebViewPageTests-checkManifestLockResult.txt",
			);
			runOnlyForDeploymentPostprocessing = 0;
			shellPath = /bin/sh;
			shellScript = "diff \"${PODS_PODFILE_DIR_PATH}/Podfile.lock\" \"${PODS_ROOT}/Manifest.lock\" > /dev/null\nif [ $? != 0 ] ; then\n    # print error to STDERR\n    echo \"error: The sandbox is not in sync with the Podfile.lock. Run 'pod install' or update your CocoaPods installation.\" >&2\n    exit 1\nfi\n# This output is used by Xcode 'outputs' to avoid re-running this script phase.\necho \"SUCCESS\" > \"${SCRIPT_OUTPUT_FILE_0}\"\n";
			showEnvVarsInLog = 0;
		};
		64168C4110D6EDE7E72AA081 /* [CP] Embed Pods Frameworks */ = {
			isa = PBXShellScriptBuildPhase;
			buildActionMask = 2147483647;
			files = (
			);
			inputFileListPaths = (
				"${PODS_ROOT}/Target Support Files/Pods-WebViewPage-WebViewPageUITests/Pods-WebViewPage-WebViewPageUITests-frameworks-${CONFIGURATION}-input-files.xcfilelist",
			);
			name = "[CP] Embed Pods Frameworks";
			outputFileListPaths = (
				"${PODS_ROOT}/Target Support Files/Pods-WebViewPage-WebViewPageUITests/Pods-WebViewPage-WebViewPageUITests-frameworks-${CONFIGURATION}-output-files.xcfilelist",
			);
			runOnlyForDeploymentPostprocessing = 0;
			shellPath = /bin/sh;
			shellScript = "\"${PODS_ROOT}/Target Support Files/Pods-WebViewPage-WebViewPageUITests/Pods-WebViewPage-WebViewPageUITests-frameworks.sh\"\n";
			showEnvVarsInLog = 0;
		};
		9662611A7A0769DF86B5DEE7 /* [CP] Check Pods Manifest.lock */ = {
			isa = PBXShellScriptBuildPhase;
			buildActionMask = 2147483647;
			files = (
			);
			inputFileListPaths = (
			);
			inputPaths = (
				"${PODS_PODFILE_DIR_PATH}/Podfile.lock",
				"${PODS_ROOT}/Manifest.lock",
			);
			name = "[CP] Check Pods Manifest.lock";
			outputFileListPaths = (
			);
			outputPaths = (
				"$(DERIVED_FILE_DIR)/Pods-WebViewPage-WebViewPageUITests-checkManifestLockResult.txt",
			);
			runOnlyForDeploymentPostprocessing = 0;
			shellPath = /bin/sh;
			shellScript = "diff \"${PODS_PODFILE_DIR_PATH}/Podfile.lock\" \"${PODS_ROOT}/Manifest.lock\" > /dev/null\nif [ $? != 0 ] ; then\n    # print error to STDERR\n    echo \"error: The sandbox is not in sync with the Podfile.lock. Run 'pod install' or update your CocoaPods installation.\" >&2\n    exit 1\nfi\n# This output is used by Xcode 'outputs' to avoid re-running this script phase.\necho \"SUCCESS\" > \"${SCRIPT_OUTPUT_FILE_0}\"\n";
			showEnvVarsInLog = 0;
		};
		FE8CE5C288CDEEFB9690D246 /* [CP] Check Pods Manifest.lock */ = {
			isa = PBXShellScriptBuildPhase;
			buildActionMask = 2147483647;
			files = (
			);
			inputFileListPaths = (
			);
			inputPaths = (
				"${PODS_PODFILE_DIR_PATH}/Podfile.lock",
				"${PODS_ROOT}/Manifest.lock",
			);
			name = "[CP] Check Pods Manifest.lock";
			outputFileListPaths = (
			);
			outputPaths = (
				"$(DERIVED_FILE_DIR)/Pods-WebViewPage-checkManifestLockResult.txt",
			);
			runOnlyForDeploymentPostprocessing = 0;
			shellPath = /bin/sh;
			shellScript = "diff \"${PODS_PODFILE_DIR_PATH}/Podfile.lock\" \"${PODS_ROOT}/Manifest.lock\" > /dev/null\nif [ $? != 0 ] ; then\n    # print error to STDERR\n    echo \"error: The sandbox is not in sync with the Podfile.lock. Run 'pod install' or update your CocoaPods installation.\" >&2\n    exit 1\nfi\n# This output is used by Xcode 'outputs' to avoid re-running this script phase.\necho \"SUCCESS\" > \"${SCRIPT_OUTPUT_FILE_0}\"\n";
			showEnvVarsInLog = 0;
		};
/* End PBXShellScriptBuildPhase section */

/* Begin PBXSourcesBuildPhase section */
		EA1565E426140C4700F126B9 /* Sources */ = {
			isa = PBXSourcesBuildPhase;
			buildActionMask = 2147483647;
			files = (
				EA15667426144B5900F126B9 /* GalleryViewController.swift in Sources */,
				EA15665826143C9B00F126B9 /* SideMenuViewController.swift in Sources */,
				EA1566382614389100F126B9 /* HomePageViewController.swift in Sources */,
				EA1565EC26140C4700F126B9 /* AppDelegate.swift in Sources */,
				EA7CC03D2616AA75007581F8 /* DataInfoController.swift in Sources */,
				EA1565EE26140C4700F126B9 /* SceneDelegate.swift in Sources */,
				EA7CC03426169D99007581F8 /* Data.swift in Sources */,
				EA7CC0452616D3B5007581F8 /* GalleryCollectionViewCell.swift in Sources */,
				EA15669D2614551700F126B9 /* ForthTableViewCell.swift in Sources */,
				EA15665326143B3600F126B9 /* ForthViewController.swift in Sources */,
				EA15667B2614508700F126B9 /* FirstTableViewCell.swift in Sources */,
				EA15666B2614493300F126B9 /* SideMenuTableViewCell.swift in Sources */,
				EA15664926143B2500F126B9 /* SecondViewController.swift in Sources */,
				EA15668B2614527700F126B9 /* SecondTableViewCell.swift in Sources */,
				EA15664E26143B2E00F126B9 /* ThirdViewController.swift in Sources */,
				EA15665E2614480C00F126B9 /* HomePage+UIPageViewControllerDataSource.swift in Sources */,
				EA15664426143B1D00F126B9 /* FirstViewController.swift in Sources */,
				EA1566912614538D00F126B9 /* ThirdTableViewCell.swift in Sources */,
			);
			runOnlyForDeploymentPostprocessing = 0;
		};
		EA1565FA26140C4900F126B9 /* Sources */ = {
			isa = PBXSourcesBuildPhase;
			buildActionMask = 2147483647;
			files = (
				EA15660326140C4900F126B9 /* WebViewPageTests.swift in Sources */,
			);
			runOnlyForDeploymentPostprocessing = 0;
		};
		EA15660526140C4900F126B9 /* Sources */ = {
			isa = PBXSourcesBuildPhase;
			buildActionMask = 2147483647;
			files = (
				EA15660E26140C4900F126B9 /* WebViewPageUITests.swift in Sources */,
			);
			runOnlyForDeploymentPostprocessing = 0;
		};
/* End PBXSourcesBuildPhase section */

/* Begin PBXTargetDependency section */
		EA15660026140C4900F126B9 /* PBXTargetDependency */ = {
			isa = PBXTargetDependency;
			target = EA1565E726140C4700F126B9 /* WebViewPage */;
			targetProxy = EA1565FF26140C4900F126B9 /* PBXContainerItemProxy */;
		};
		EA15660B26140C4900F126B9 /* PBXTargetDependency */ = {
			isa = PBXTargetDependency;
			target = EA1565E726140C4700F126B9 /* WebViewPage */;
			targetProxy = EA15660A26140C4900F126B9 /* PBXContainerItemProxy */;
		};
/* End PBXTargetDependency section */

/* Begin PBXVariantGroup section */
		EA1565F126140C4700F126B9 /* Main.storyboard */ = {
			isa = PBXVariantGroup;
			children = (
				EA1565F226140C4700F126B9 /* Base */,
			);
			name = Main.storyboard;
			sourceTree = "<group>";
		};
		EA1565F626140C4900F126B9 /* LaunchScreen.storyboard */ = {
			isa = PBXVariantGroup;
			children = (
				EA1565F726140C4900F126B9 /* Base */,
			);
			name = LaunchScreen.storyboard;
			sourceTree = "<group>";
		};
/* End PBXVariantGroup section */

/* Begin XCBuildConfiguration section */
		EA15661026140C4900F126B9 /* Debug */ = {
			isa = XCBuildConfiguration;
			buildSettings = {
				ALWAYS_SEARCH_USER_PATHS = NO;
				CLANG_ANALYZER_NONNULL = YES;
				CLANG_ANALYZER_NUMBER_OBJECT_CONVERSION = YES_AGGRESSIVE;
				CLANG_CXX_LANGUAGE_STANDARD = "gnu++14";
				CLANG_CXX_LIBRARY = "libc++";
				CLANG_ENABLE_MODULES = YES;
				CLANG_ENABLE_OBJC_ARC = YES;
				CLANG_ENABLE_OBJC_WEAK = YES;
				CLANG_WARN_BLOCK_CAPTURE_AUTORELEASING = YES;
				CLANG_WARN_BOOL_CONVERSION = YES;
				CLANG_WARN_COMMA = YES;
				CLANG_WARN_CONSTANT_CONVERSION = YES;
				CLANG_WARN_DEPRECATED_OBJC_IMPLEMENTATIONS = YES;
				CLANG_WARN_DIRECT_OBJC_ISA_USAGE = YES_ERROR;
				CLANG_WARN_DOCUMENTATION_COMMENTS = YES;
				CLANG_WARN_EMPTY_BODY = YES;
				CLANG_WARN_ENUM_CONVERSION = YES;
				CLANG_WARN_INFINITE_RECURSION = YES;
				CLANG_WARN_INT_CONVERSION = YES;
				CLANG_WARN_NON_LITERAL_NULL_CONVERSION = YES;
				CLANG_WARN_OBJC_IMPLICIT_RETAIN_SELF = YES;
				CLANG_WARN_OBJC_LITERAL_CONVERSION = YES;
				CLANG_WARN_OBJC_ROOT_CLASS = YES_ERROR;
				CLANG_WARN_QUOTED_INCLUDE_IN_FRAMEWORK_HEADER = YES;
				CLANG_WARN_RANGE_LOOP_ANALYSIS = YES;
				CLANG_WARN_STRICT_PROTOTYPES = YES;
				CLANG_WARN_SUSPICIOUS_MOVE = YES;
				CLANG_WARN_UNGUARDED_AVAILABILITY = YES_AGGRESSIVE;
				CLANG_WARN_UNREACHABLE_CODE = YES;
				CLANG_WARN__DUPLICATE_METHOD_MATCH = YES;
				COPY_PHASE_STRIP = NO;
				DEBUG_INFORMATION_FORMAT = dwarf;
				ENABLE_STRICT_OBJC_MSGSEND = YES;
				ENABLE_TESTABILITY = YES;
				GCC_C_LANGUAGE_STANDARD = gnu11;
				GCC_DYNAMIC_NO_PIC = NO;
				GCC_NO_COMMON_BLOCKS = YES;
				GCC_OPTIMIZATION_LEVEL = 0;
				GCC_PREPROCESSOR_DEFINITIONS = (
					"DEBUG=1",
					"$(inherited)",
				);
				GCC_WARN_64_TO_32_BIT_CONVERSION = YES;
				GCC_WARN_ABOUT_RETURN_TYPE = YES_ERROR;
				GCC_WARN_UNDECLARED_SELECTOR = YES;
				GCC_WARN_UNINITIALIZED_AUTOS = YES_AGGRESSIVE;
				GCC_WARN_UNUSED_FUNCTION = YES;
				GCC_WARN_UNUSED_VARIABLE = YES;
				IPHONEOS_DEPLOYMENT_TARGET = 14.4;
				MTL_ENABLE_DEBUG_INFO = INCLUDE_SOURCE;
				MTL_FAST_MATH = YES;
				ONLY_ACTIVE_ARCH = YES;
				SDKROOT = iphoneos;
				SWIFT_ACTIVE_COMPILATION_CONDITIONS = DEBUG;
				SWIFT_OPTIMIZATION_LEVEL = "-Onone";
			};
			name = Debug;
		};
		EA15661126140C4900F126B9 /* Release */ = {
			isa = XCBuildConfiguration;
			buildSettings = {
				ALWAYS_SEARCH_USER_PATHS = NO;
				CLANG_ANALYZER_NONNULL = YES;
				CLANG_ANALYZER_NUMBER_OBJECT_CONVERSION = YES_AGGRESSIVE;
				CLANG_CXX_LANGUAGE_STANDARD = "gnu++14";
				CLANG_CXX_LIBRARY = "libc++";
				CLANG_ENABLE_MODULES = YES;
				CLANG_ENABLE_OBJC_ARC = YES;
				CLANG_ENABLE_OBJC_WEAK = YES;
				CLANG_WARN_BLOCK_CAPTURE_AUTORELEASING = YES;
				CLANG_WARN_BOOL_CONVERSION = YES;
				CLANG_WARN_COMMA = YES;
				CLANG_WARN_CONSTANT_CONVERSION = YES;
				CLANG_WARN_DEPRECATED_OBJC_IMPLEMENTATIONS = YES;
				CLANG_WARN_DIRECT_OBJC_ISA_USAGE = YES_ERROR;
				CLANG_WARN_DOCUMENTATION_COMMENTS = YES;
				CLANG_WARN_EMPTY_BODY = YES;
				CLANG_WARN_ENUM_CONVERSION = YES;
				CLANG_WARN_INFINITE_RECURSION = YES;
				CLANG_WARN_INT_CONVERSION = YES;
				CLANG_WARN_NON_LITERAL_NULL_CONVERSION = YES;
				CLANG_WARN_OBJC_IMPLICIT_RETAIN_SELF = YES;
				CLANG_WARN_OBJC_LITERAL_CONVERSION = YES;
				CLANG_WARN_OBJC_ROOT_CLASS = YES_ERROR;
				CLANG_WARN_QUOTED_INCLUDE_IN_FRAMEWORK_HEADER = YES;
				CLANG_WARN_RANGE_LOOP_ANALYSIS = YES;
				CLANG_WARN_STRICT_PROTOTYPES = YES;
				CLANG_WARN_SUSPICIOUS_MOVE = YES;
				CLANG_WARN_UNGUARDED_AVAILABILITY = YES_AGGRESSIVE;
				CLANG_WARN_UNREACHABLE_CODE = YES;
				CLANG_WARN__DUPLICATE_METHOD_MATCH = YES;
				COPY_PHASE_STRIP = NO;
				DEBUG_INFORMATION_FORMAT = "dwarf-with-dsym";
				ENABLE_NS_ASSERTIONS = NO;
				ENABLE_STRICT_OBJC_MSGSEND = YES;
				GCC_C_LANGUAGE_STANDARD = gnu11;
				GCC_NO_COMMON_BLOCKS = YES;
				GCC_WARN_64_TO_32_BIT_CONVERSION = YES;
				GCC_WARN_ABOUT_RETURN_TYPE = YES_ERROR;
				GCC_WARN_UNDECLARED_SELECTOR = YES;
				GCC_WARN_UNINITIALIZED_AUTOS = YES_AGGRESSIVE;
				GCC_WARN_UNUSED_FUNCTION = YES;
				GCC_WARN_UNUSED_VARIABLE = YES;
				IPHONEOS_DEPLOYMENT_TARGET = 14.4;
				MTL_ENABLE_DEBUG_INFO = NO;
				MTL_FAST_MATH = YES;
				SDKROOT = iphoneos;
				SWIFT_COMPILATION_MODE = wholemodule;
				SWIFT_OPTIMIZATION_LEVEL = "-O";
				VALIDATE_PRODUCT = YES;
			};
			name = Release;
		};
		EA15661326140C4900F126B9 /* Debug */ = {
			isa = XCBuildConfiguration;
			baseConfigurationReference = 2328ED055C912CE3A4B655BC /* Pods-WebViewPage.debug.xcconfig */;
			buildSettings = {
				ASSETCATALOG_COMPILER_APPICON_NAME = AppIcon;
				ASSETCATALOG_COMPILER_GLOBAL_ACCENT_COLOR_NAME = AccentColor;
				CODE_SIGN_STYLE = Automatic;
				DEVELOPMENT_TEAM = HUUUBGL4W2;
				INFOPLIST_FILE = WebViewPage/Info.plist;
				LD_RUNPATH_SEARCH_PATHS = (
					"$(inherited)",
					"@executable_path/Frameworks",
				);
				PRODUCT_BUNDLE_IDENTIFIER = key.WebViewPage;
				PRODUCT_NAME = "$(TARGET_NAME)";
				SWIFT_VERSION = 5.0;
				TARGETED_DEVICE_FAMILY = "1,2";
			};
			name = Debug;
		};
		EA15661426140C4900F126B9 /* Release */ = {
			isa = XCBuildConfiguration;
			baseConfigurationReference = E17AC3FA0D2DA424D70BE122 /* Pods-WebViewPage.release.xcconfig */;
			buildSettings = {
				ASSETCATALOG_COMPILER_APPICON_NAME = AppIcon;
				ASSETCATALOG_COMPILER_GLOBAL_ACCENT_COLOR_NAME = AccentColor;
				CODE_SIGN_STYLE = Automatic;
				DEVELOPMENT_TEAM = HUUUBGL4W2;
				INFOPLIST_FILE = WebViewPage/Info.plist;
				LD_RUNPATH_SEARCH_PATHS = (
					"$(inherited)",
					"@executable_path/Frameworks",
				);
				PRODUCT_BUNDLE_IDENTIFIER = key.WebViewPage;
				PRODUCT_NAME = "$(TARGET_NAME)";
				SWIFT_VERSION = 5.0;
				TARGETED_DEVICE_FAMILY = "1,2";
			};
			name = Release;
		};
		EA15661626140C4900F126B9 /* Debug */ = {
			isa = XCBuildConfiguration;
			baseConfigurationReference = BD0B5A8939048A5DB9B07DB8 /* Pods-WebViewPageTests.debug.xcconfig */;
			buildSettings = {
				ALWAYS_EMBED_SWIFT_STANDARD_LIBRARIES = YES;
				BUNDLE_LOADER = "$(TEST_HOST)";
				CODE_SIGN_STYLE = Automatic;
				DEVELOPMENT_TEAM = HUUUBGL4W2;
				INFOPLIST_FILE = WebViewPageTests/Info.plist;
				IPHONEOS_DEPLOYMENT_TARGET = 14.4;
				LD_RUNPATH_SEARCH_PATHS = (
					"$(inherited)",
					"@executable_path/Frameworks",
					"@loader_path/Frameworks",
				);
				PRODUCT_BUNDLE_IDENTIFIER = key.WebViewPageTests;
				PRODUCT_NAME = "$(TARGET_NAME)";
				SWIFT_VERSION = 5.0;
				TARGETED_DEVICE_FAMILY = "1,2";
				TEST_HOST = "$(BUILT_PRODUCTS_DIR)/WebViewPage.app/WebViewPage";
			};
			name = Debug;
		};
		EA15661726140C4900F126B9 /* Release */ = {
			isa = XCBuildConfiguration;
			baseConfigurationReference = BCB4FF57E7F734FBA8F7B480 /* Pods-WebViewPageTests.release.xcconfig */;
			buildSettings = {
				ALWAYS_EMBED_SWIFT_STANDARD_LIBRARIES = YES;
				BUNDLE_LOADER = "$(TEST_HOST)";
				CODE_SIGN_STYLE = Automatic;
				DEVELOPMENT_TEAM = HUUUBGL4W2;
				INFOPLIST_FILE = WebViewPageTests/Info.plist;
				IPHONEOS_DEPLOYMENT_TARGET = 14.4;
				LD_RUNPATH_SEARCH_PATHS = (
					"$(inherited)",
					"@executable_path/Frameworks",
					"@loader_path/Frameworks",
				);
				PRODUCT_BUNDLE_IDENTIFIER = key.WebViewPageTests;
				PRODUCT_NAME = "$(TARGET_NAME)";
				SWIFT_VERSION = 5.0;
				TARGETED_DEVICE_FAMILY = "1,2";
				TEST_HOST = "$(BUILT_PRODUCTS_DIR)/WebViewPage.app/WebViewPage";
			};
			name = Release;
		};
		EA15661926140C4900F126B9 /* Debug */ = {
			isa = XCBuildConfiguration;
			baseConfigurationReference = FC3B2598B71CFE029E562977 /* Pods-WebViewPage-WebViewPageUITests.debug.xcconfig */;
			buildSettings = {
				ALWAYS_EMBED_SWIFT_STANDARD_LIBRARIES = YES;
				CODE_SIGN_STYLE = Automatic;
				DEVELOPMENT_TEAM = HUUUBGL4W2;
				INFOPLIST_FILE = WebViewPageUITests/Info.plist;
				LD_RUNPATH_SEARCH_PATHS = (
					"$(inherited)",
					"@executable_path/Frameworks",
					"@loader_path/Frameworks",
				);
				PRODUCT_BUNDLE_IDENTIFIER = key.WebViewPageUITests;
				PRODUCT_NAME = "$(TARGET_NAME)";
				SWIFT_VERSION = 5.0;
				TARGETED_DEVICE_FAMILY = "1,2";
				TEST_TARGET_NAME = WebViewPage;
			};
			name = Debug;
		};
		EA15661A26140C4900F126B9 /* Release */ = {
			isa = XCBuildConfiguration;
			baseConfigurationReference = CA63DB4E91C4EF560CC149AF /* Pods-WebViewPage-WebViewPageUITests.release.xcconfig */;
			buildSettings = {
				ALWAYS_EMBED_SWIFT_STANDARD_LIBRARIES = YES;
				CODE_SIGN_STYLE = Automatic;
				DEVELOPMENT_TEAM = HUUUBGL4W2;
				INFOPLIST_FILE = WebViewPageUITests/Info.plist;
				LD_RUNPATH_SEARCH_PATHS = (
					"$(inherited)",
					"@executable_path/Frameworks",
					"@loader_path/Frameworks",
				);
				PRODUCT_BUNDLE_IDENTIFIER = key.WebViewPageUITests;
				PRODUCT_NAME = "$(TARGET_NAME)";
				SWIFT_VERSION = 5.0;
				TARGETED_DEVICE_FAMILY = "1,2";
				TEST_TARGET_NAME = WebViewPage;
			};
			name = Release;
		};
/* End XCBuildConfiguration section */

/* Begin XCConfigurationList section */
		EA1565E326140C4700F126B9 /* Build configuration list for PBXProject "WebViewPage" */ = {
			isa = XCConfigurationList;
			buildConfigurations = (
				EA15661026140C4900F126B9 /* Debug */,
				EA15661126140C4900F126B9 /* Release */,
			);
			defaultConfigurationIsVisible = 0;
			defaultConfigurationName = Release;
		};
		EA15661226140C4900F126B9 /* Build configuration list for PBXNativeTarget "WebViewPage" */ = {
			isa = XCConfigurationList;
			buildConfigurations = (
				EA15661326140C4900F126B9 /* Debug */,
				EA15661426140C4900F126B9 /* Release */,
			);
			defaultConfigurationIsVisible = 0;
			defaultConfigurationName = Release;
		};
		EA15661526140C4900F126B9 /* Build configuration list for PBXNativeTarget "WebViewPageTests" */ = {
			isa = XCConfigurationList;
			buildConfigurations = (
				EA15661626140C4900F126B9 /* Debug */,
				EA15661726140C4900F126B9 /* Release */,
			);
			defaultConfigurationIsVisible = 0;
			defaultConfigurationName = Release;
		};
		EA15661826140C4900F126B9 /* Build configuration list for PBXNativeTarget "WebViewPageUITests" */ = {
			isa = XCConfigurationList;
			buildConfigurations = (
				EA15661926140C4900F126B9 /* Debug */,
				EA15661A26140C4900F126B9 /* Release */,
			);
			defaultConfigurationIsVisible = 0;
			defaultConfigurationName = Release;
		};
/* End XCConfigurationList section */
	};
	rootObject = EA1565E026140C4700F126B9 /* Project object */;
}
