// !$*UTF8*$!
{
	archiveVersion = 1;
	classes = {
	};
	objectVersion = 50;
	objects = {

/* Begin PBXBuildFile section */
		EA8F6A732600A1AB00964204 /* AppDelegate.swift in Sources */ = {isa = PBXBuildFile; fileRef = EA8F6A722600A1AB00964204 /* AppDelegate.swift */; };
		EA8F6A752600A1AB00964204 /* SceneDelegate.swift in Sources */ = {isa = PBXBuildFile; fileRef = EA8F6A742600A1AB00964204 /* SceneDelegate.swift */; };
		EA8F6A772600A1AB00964204 /* ViewController.swift in Sources */ = {isa = PBXBuildFile; fileRef = EA8F6A762600A1AB00964204 /* ViewController.swift */; };
		EA8F6A7A2600A1AB00964204 /* Main.storyboard in Resources */ = {isa = PBXBuildFile; fileRef = EA8F6A782600A1AB00964204 /* Main.storyboard */; };
		EA8F6A7C2600A1AD00964204 /* Assets.xcassets in Resources */ = {isa = PBXBuildFile; fileRef = EA8F6A7B2600A1AD00964204 /* Assets.xcassets */; };
		EA8F6A7F2600A1AD00964204 /* LaunchScreen.storyboard in Resources */ = {isa = PBXBuildFile; fileRef = EA8F6A7D2600A1AD00964204 /* LaunchScreen.storyboard */; };
		EA8F6A8A2600A1AD00964204 /* ScrollViewsTests.swift in Sources */ = {isa = PBXBuildFile; fileRef = EA8F6A892600A1AD00964204 /* ScrollViewsTests.swift */; };
		EA8F6A952600A1AD00964204 /* ScrollViewsUITests.swift in Sources */ = {isa = PBXBuildFile; fileRef = EA8F6A942600A1AD00964204 /* ScrollViewsUITests.swift */; };
/* End PBXBuildFile section */

/* Begin PBXContainerItemProxy section */
		EA8F6A862600A1AD00964204 /* PBXContainerItemProxy */ = {
			isa = PBXContainerItemProxy;
			containerPortal = EA8F6A672600A1AB00964204 /* Project object */;
			proxyType = 1;
			remoteGlobalIDString = EA8F6A6E2600A1AB00964204;
			remoteInfo = ScrollViews;
		};
		EA8F6A912600A1AD00964204 /* PBXContainerItemProxy */ = {
			isa = PBXContainerItemProxy;
			containerPortal = EA8F6A672600A1AB00964204 /* Project object */;
			proxyType = 1;
			remoteGlobalIDString = EA8F6A6E2600A1AB00964204;
			remoteInfo = ScrollViews;
		};
/* End PBXContainerItemProxy section */

/* Begin PBXFileReference section */
		EA8F6A6F2600A1AB00964204 /* ScrollViews.app */ = {isa = PBXFileReference; explicitFileType = wrapper.application; includeInIndex = 0; path = ScrollViews.app; sourceTree = BUILT_PRODUCTS_DIR; };
		EA8F6A722600A1AB00964204 /* AppDelegate.swift */ = {isa = PBXFileReference; lastKnownFileType = sourcecode.swift; path = AppDelegate.swift; sourceTree = "<group>"; };
		EA8F6A742600A1AB00964204 /* SceneDelegate.swift */ = {isa = PBXFileReference; lastKnownFileType = sourcecode.swift; path = SceneDelegate.swift; sourceTree = "<group>"; };
		EA8F6A762600A1AB00964204 /* ViewController.swift */ = {isa = PBXFileReference; lastKnownFileType = sourcecode.swift; path = ViewController.swift; sourceTree = "<group>"; };
		EA8F6A792600A1AB00964204 /* Base */ = {isa = PBXFileReference; lastKnownFileType = file.storyboard; name = Base; path = Base.lproj/Main.storyboard; sourceTree = "<group>"; };
		EA8F6A7B2600A1AD00964204 /* Assets.xcassets */ = {isa = PBXFileReference; lastKnownFileType = folder.assetcatalog; path = Assets.xcassets; sourceTree = "<group>"; };
		EA8F6A7E2600A1AD00964204 /* Base */ = {isa = PBXFileReference; lastKnownFileType = file.storyboard; name = Base; path = Base.lproj/LaunchScreen.storyboard; sourceTree = "<group>"; };
		EA8F6A802600A1AD00964204 /* Info.plist */ = {isa = PBXFileReference; lastKnownFileType = text.plist.xml; path = Info.plist; sourceTree = "<group>"; };
		EA8F6A852600A1AD00964204 /* ScrollViewsTests.xctest */ = {isa = PBXFileReference; explicitFileType = wrapper.cfbundle; includeInIndex = 0; path = ScrollViewsTests.xctest; sourceTree = BUILT_PRODUCTS_DIR; };
		EA8F6A892600A1AD00964204 /* ScrollViewsTests.swift */ = {isa = PBXFileReference; lastKnownFileType = sourcecode.swift; path = ScrollViewsTests.swift; sourceTree = "<group>"; };
		EA8F6A8B2600A1AD00964204 /* Info.plist */ = {isa = PBXFileReference; lastKnownFileType = text.plist.xml; path = Info.plist; sourceTree = "<group>"; };
		EA8F6A902600A1AD00964204 /* ScrollViewsUITests.xctest */ = {isa = PBXFileReference; explicitFileType = wrapper.cfbundle; includeInIndex = 0; path = ScrollViewsUITests.xctest; sourceTree = BUILT_PRODUCTS_DIR; };
		EA8F6A942600A1AD00964204 /* ScrollViewsUITests.swift */ = {isa = PBXFileReference; lastKnownFileType = sourcecode.swift; path = ScrollViewsUITests.swift; sourceTree = "<group>"; };
		EA8F6A962600A1AD00964204 /* Info.plist */ = {isa = PBXFileReference; lastKnownFileType = text.plist.xml; path = Info.plist; sourceTree = "<group>"; };
/* End PBXFileReference section */

/* Begin PBXFrameworksBuildPhase section */
		EA8F6A6C2600A1AB00964204 /* Frameworks */ = {
			isa = PBXFrameworksBuildPhase;
			buildActionMask = 2147483647;
			files = (
			);
			runOnlyForDeploymentPostprocessing = 0;
		};
		EA8F6A822600A1AD00964204 /* Frameworks */ = {
			isa = PBXFrameworksBuildPhase;
			buildActionMask = 2147483647;
			files = (
			);
			runOnlyForDeploymentPostprocessing = 0;
		};
		EA8F6A8D2600A1AD00964204 /* Frameworks */ = {
			isa = PBXFrameworksBuildPhase;
			buildActionMask = 2147483647;
			files = (
			);
			runOnlyForDeploymentPostprocessing = 0;
		};
/* End PBXFrameworksBuildPhase section */

/* Begin PBXGroup section */
		EA8F6A662600A1AB00964204 = {
			isa = PBXGroup;
			children = (
				EA8F6A712600A1AB00964204 /* ScrollViews */,
				EA8F6A882600A1AD00964204 /* ScrollViewsTests */,
				EA8F6A932600A1AD00964204 /* ScrollViewsUITests */,
				EA8F6A702600A1AB00964204 /* Products */,
			);
			sourceTree = "<group>";
		};
		EA8F6A702600A1AB00964204 /* Products */ = {
			isa = PBXGroup;
			children = (
				EA8F6A6F2600A1AB00964204 /* ScrollViews.app */,
				EA8F6A852600A1AD00964204 /* ScrollViewsTests.xctest */,
				EA8F6A902600A1AD00964204 /* ScrollViewsUITests.xctest */,
			);
			name = Products;
			sourceTree = "<group>";
		};
		EA8F6A712600A1AB00964204 /* ScrollViews */ = {
			isa = PBXGroup;
			children = (
				EA8F6A722600A1AB00964204 /* AppDelegate.swift */,
				EA8F6A742600A1AB00964204 /* SceneDelegate.swift */,
				EA8F6A762600A1AB00964204 /* ViewController.swift */,
				EA8F6A782600A1AB00964204 /* Main.storyboard */,
				EA8F6A7B2600A1AD00964204 /* Assets.xcassets */,
				EA8F6A7D2600A1AD00964204 /* LaunchScreen.storyboard */,
				EA8F6A802600A1AD00964204 /* Info.plist */,
			);
			path = ScrollViews;
			sourceTree = "<group>";
		};
		EA8F6A882600A1AD00964204 /* ScrollViewsTests */ = {
			isa = PBXGroup;
			children = (
				EA8F6A892600A1AD00964204 /* ScrollViewsTests.swift */,
				EA8F6A8B2600A1AD00964204 /* Info.plist */,
			);
			path = ScrollViewsTests;
			sourceTree = "<group>";
		};
		EA8F6A932600A1AD00964204 /* ScrollViewsUITests */ = {
			isa = PBXGroup;
			children = (
				EA8F6A942600A1AD00964204 /* ScrollViewsUITests.swift */,
				EA8F6A962600A1AD00964204 /* Info.plist */,
			);
			path = ScrollViewsUITests;
			sourceTree = "<group>";
		};
/* End PBXGroup section */

/* Begin PBXNativeTarget section */
		EA8F6A6E2600A1AB00964204 /* ScrollViews */ = {
			isa = PBXNativeTarget;
			buildConfigurationList = EA8F6A992600A1AD00964204 /* Build configuration list for PBXNativeTarget "ScrollViews" */;
			buildPhases = (
				EA8F6A6B2600A1AB00964204 /* Sources */,
				EA8F6A6C2600A1AB00964204 /* Frameworks */,
				EA8F6A6D2600A1AB00964204 /* Resources */,
			);
			buildRules = (
			);
			dependencies = (
			);
			name = ScrollViews;
			productName = ScrollViews;
			productReference = EA8F6A6F2600A1AB00964204 /* ScrollViews.app */;
			productType = "com.apple.product-type.application";
		};
		EA8F6A842600A1AD00964204 /* ScrollViewsTests */ = {
			isa = PBXNativeTarget;
			buildConfigurationList = EA8F6A9C2600A1AD00964204 /* Build configuration list for PBXNativeTarget "ScrollViewsTests" */;
			buildPhases = (
				EA8F6A812600A1AD00964204 /* Sources */,
				EA8F6A822600A1AD00964204 /* Frameworks */,
				EA8F6A832600A1AD00964204 /* Resources */,
			);
			buildRules = (
			);
			dependencies = (
				EA8F6A872600A1AD00964204 /* PBXTargetDependency */,
			);
			name = ScrollViewsTests;
			productName = ScrollViewsTests;
			productReference = EA8F6A852600A1AD00964204 /* ScrollViewsTests.xctest */;
			productType = "com.apple.product-type.bundle.unit-test";
		};
		EA8F6A8F2600A1AD00964204 /* ScrollViewsUITests */ = {
			isa = PBXNativeTarget;
			buildConfigurationList = EA8F6A9F2600A1AD00964204 /* Build configuration list for PBXNativeTarget "ScrollViewsUITests" */;
			buildPhases = (
				EA8F6A8C2600A1AD00964204 /* Sources */,
				EA8F6A8D2600A1AD00964204 /* Frameworks */,
				EA8F6A8E2600A1AD00964204 /* Resources */,
			);
			buildRules = (
			);
			dependencies = (
				EA8F6A922600A1AD00964204 /* PBXTargetDependency */,
			);
			name = ScrollViewsUITests;
			productName = ScrollViewsUITests;
			productReference = EA8F6A902600A1AD00964204 /* ScrollViewsUITests.xctest */;
			productType = "com.apple.product-type.bundle.ui-testing";
		};
/* End PBXNativeTarget section */

/* Begin PBXProject section */
		EA8F6A672600A1AB00964204 /* Project object */ = {
			isa = PBXProject;
			attributes = {
				LastSwiftUpdateCheck = 1240;
				LastUpgradeCheck = 1240;
				TargetAttributes = {
					EA8F6A6E2600A1AB00964204 = {
						CreatedOnToolsVersion = 12.4;
					};
					EA8F6A842600A1AD00964204 = {
						CreatedOnToolsVersion = 12.4;
						TestTargetID = EA8F6A6E2600A1AB00964204;
					};
					EA8F6A8F2600A1AD00964204 = {
						CreatedOnToolsVersion = 12.4;
						TestTargetID = EA8F6A6E2600A1AB00964204;
					};
				};
			};
			buildConfigurationList = EA8F6A6A2600A1AB00964204 /* Build configuration list for PBXProject "ScrollViews" */;
			compatibilityVersion = "Xcode 9.3";
			developmentRegion = en;
			hasScannedForEncodings = 0;
			knownRegions = (
				en,
				Base,
			);
			mainGroup = EA8F6A662600A1AB00964204;
			productRefGroup = EA8F6A702600A1AB00964204 /* Products */;
			projectDirPath = "";
			projectRoot = "";
			targets = (
				EA8F6A6E2600A1AB00964204 /* ScrollViews */,
				EA8F6A842600A1AD00964204 /* ScrollViewsTests */,
				EA8F6A8F2600A1AD00964204 /* ScrollViewsUITests */,
			);
		};
/* End PBXProject section */

/* Begin PBXResourcesBuildPhase section */
		EA8F6A6D2600A1AB00964204 /* Resources */ = {
			isa = PBXResourcesBuildPhase;
			buildActionMask = 2147483647;
			files = (
				EA8F6A7F2600A1AD00964204 /* LaunchScreen.storyboard in Resources */,
				EA8F6A7C2600A1AD00964204 /* Assets.xcassets in Resources */,
				EA8F6A7A2600A1AB00964204 /* Main.storyboard in Resources */,
			);
			runOnlyForDeploymentPostprocessing = 0;
		};
		EA8F6A832600A1AD00964204 /* Resources */ = {
			isa = PBXResourcesBuildPhase;
			buildActionMask = 2147483647;
			files = (
			);
			runOnlyForDeploymentPostprocessing = 0;
		};
		EA8F6A8E2600A1AD00964204 /* Resources */ = {
			isa = PBXResourcesBuildPhase;
			buildActionMask = 2147483647;
			files = (
			);
			runOnlyForDeploymentPostprocessing = 0;
		};
/* End PBXResourcesBuildPhase section */

/* Begin PBXSourcesBuildPhase section */
		EA8F6A6B2600A1AB00964204 /* Sources */ = {
			isa = PBXSourcesBuildPhase;
			buildActionMask = 2147483647;
			files = (
				EA8F6A772600A1AB00964204 /* ViewController.swift in Sources */,
				EA8F6A732600A1AB00964204 /* AppDelegate.swift in Sources */,
				EA8F6A752600A1AB00964204 /* SceneDelegate.swift in Sources */,
			);
			runOnlyForDeploymentPostprocessing = 0;
		};
		EA8F6A812600A1AD00964204 /* Sources */ = {
			isa = PBXSourcesBuildPhase;
			buildActionMask = 2147483647;
			files = (
				EA8F6A8A2600A1AD00964204 /* ScrollViewsTests.swift in Sources */,
			);
			runOnlyForDeploymentPostprocessing = 0;
		};
		EA8F6A8C2600A1AD00964204 /* Sources */ = {
			isa = PBXSourcesBuildPhase;
			buildActionMask = 2147483647;
			files = (
				EA8F6A952600A1AD00964204 /* ScrollViewsUITests.swift in Sources */,
			);
			runOnlyForDeploymentPostprocessing = 0;
		};
/* End PBXSourcesBuildPhase section */

/* Begin PBXTargetDependency section */
		EA8F6A872600A1AD00964204 /* PBXTargetDependency */ = {
			isa = PBXTargetDependency;
			target = EA8F6A6E2600A1AB00964204 /* ScrollViews */;
			targetProxy = EA8F6A862600A1AD00964204 /* PBXContainerItemProxy */;
		};
		EA8F6A922600A1AD00964204 /* PBXTargetDependency */ = {
			isa = PBXTargetDependency;
			target = EA8F6A6E2600A1AB00964204 /* ScrollViews */;
			targetProxy = EA8F6A912600A1AD00964204 /* PBXContainerItemProxy */;
		};
/* End PBXTargetDependency section */

/* Begin PBXVariantGroup section */
		EA8F6A782600A1AB00964204 /* Main.storyboard */ = {
			isa = PBXVariantGroup;
			children = (
				EA8F6A792600A1AB00964204 /* Base */,
			);
			name = Main.storyboard;
			sourceTree = "<group>";
		};
		EA8F6A7D2600A1AD00964204 /* LaunchScreen.storyboard */ = {
			isa = PBXVariantGroup;
			children = (
				EA8F6A7E2600A1AD00964204 /* Base */,
			);
			name = LaunchScreen.storyboard;
			sourceTree = "<group>";
		};
/* End PBXVariantGroup section */

/* Begin XCBuildConfiguration section */
		EA8F6A972600A1AD00964204 /* Debug */ = {
			isa = XCBuildConfiguration;
			buildSettings = {
				ALWAYS_SEARCH_USER_PATHS = NO;
				CLANG_ANALYZER_NONNULL = YES;
				CLANG_ANALYZER_NUMBER_OBJECT_CONVERSION = YES_AGGRESSIVE;
				CLANG_CXX_LANGUAGE_STANDARD = "gnu++14";
				CLANG_CXX_LIBRARY = "libc++";
				CLANG_ENABLE_MODULES = YES;
				CLANG_ENABLE_OBJC_ARC = YES;
				CLANG_ENABLE_OBJC_WEAK = YES;
				CLANG_WARN_BLOCK_CAPTURE_AUTORELEASING = YES;
				CLANG_WARN_BOOL_CONVERSION = YES;
				CLANG_WARN_COMMA = YES;
				CLANG_WARN_CONSTANT_CONVERSION = YES;
				CLANG_WARN_DEPRECATED_OBJC_IMPLEMENTATIONS = YES;
				CLANG_WARN_DIRECT_OBJC_ISA_USAGE = YES_ERROR;
				CLANG_WARN_DOCUMENTATION_COMMENTS = YES;
				CLANG_WARN_EMPTY_BODY = YES;
				CLANG_WARN_ENUM_CONVERSION = YES;
				CLANG_WARN_INFINITE_RECURSION = YES;
				CLANG_WARN_INT_CONVERSION = YES;
				CLANG_WARN_NON_LITERAL_NULL_CONVERSION = YES;
				CLANG_WARN_OBJC_IMPLICIT_RETAIN_SELF = YES;
				CLANG_WARN_OBJC_LITERAL_CONVERSION = YES;
				CLANG_WARN_OBJC_ROOT_CLASS = YES_ERROR;
				CLANG_WARN_QUOTED_INCLUDE_IN_FRAMEWORK_HEADER = YES;
				CLANG_WARN_RANGE_LOOP_ANALYSIS = YES;
				CLANG_WARN_STRICT_PROTOTYPES = YES;
				CLANG_WARN_SUSPICIOUS_MOVE = YES;
				CLANG_WARN_UNGUARDED_AVAILABILITY = YES_AGGRESSIVE;
				CLANG_WARN_UNREACHABLE_CODE = YES;
				CLANG_WARN__DUPLICATE_METHOD_MATCH = YES;
				COPY_PHASE_STRIP = NO;
				DEBUG_INFORMATION_FORMAT = dwarf;
				ENABLE_STRICT_OBJC_MSGSEND = YES;
				ENABLE_TESTABILITY = YES;
				GCC_C_LANGUAGE_STANDARD = gnu11;
				GCC_DYNAMIC_NO_PIC = NO;
				GCC_NO_COMMON_BLOCKS = YES;
				GCC_OPTIMIZATION_LEVEL = 0;
				GCC_PREPROCESSOR_DEFINITIONS = (
					"DEBUG=1",
					"$(inherited)",
				);
				GCC_WARN_64_TO_32_BIT_CONVERSION = YES;
				GCC_WARN_ABOUT_RETURN_TYPE = YES_ERROR;
				GCC_WARN_UNDECLARED_SELECTOR = YES;
				GCC_WARN_UNINITIALIZED_AUTOS = YES_AGGRESSIVE;
				GCC_WARN_UNUSED_FUNCTION = YES;
				GCC_WARN_UNUSED_VARIABLE = YES;
				IPHONEOS_DEPLOYMENT_TARGET = 14.4;
				MTL_ENABLE_DEBUG_INFO = INCLUDE_SOURCE;
				MTL_FAST_MATH = YES;
				ONLY_ACTIVE_ARCH = YES;
				SDKROOT = iphoneos;
				SWIFT_ACTIVE_COMPILATION_CONDITIONS = DEBUG;
				SWIFT_OPTIMIZATION_LEVEL = "-Onone";
			};
			name = Debug;
		};
		EA8F6A982600A1AD00964204 /* Release */ = {
			isa = XCBuildConfiguration;
			buildSettings = {
				ALWAYS_SEARCH_USER_PATHS = NO;
				CLANG_ANALYZER_NONNULL = YES;
				CLANG_ANALYZER_NUMBER_OBJECT_CONVERSION = YES_AGGRESSIVE;
				CLANG_CXX_LANGUAGE_STANDARD = "gnu++14";
				CLANG_CXX_LIBRARY = "libc++";
				CLANG_ENABLE_MODULES = YES;
				CLANG_ENABLE_OBJC_ARC = YES;
				CLANG_ENABLE_OBJC_WEAK = YES;
				CLANG_WARN_BLOCK_CAPTURE_AUTORELEASING = YES;
				CLANG_WARN_BOOL_CONVERSION = YES;
				CLANG_WARN_COMMA = YES;
				CLANG_WARN_CONSTANT_CONVERSION = YES;
				CLANG_WARN_DEPRECATED_OBJC_IMPLEMENTATIONS = YES;
				CLANG_WARN_DIRECT_OBJC_ISA_USAGE = YES_ERROR;
				CLANG_WARN_DOCUMENTATION_COMMENTS = YES;
				CLANG_WARN_EMPTY_BODY = YES;
				CLANG_WARN_ENUM_CONVERSION = YES;
				CLANG_WARN_INFINITE_RECURSION = YES;
				CLANG_WARN_INT_CONVERSION = YES;
				CLANG_WARN_NON_LITERAL_NULL_CONVERSION = YES;
				CLANG_WARN_OBJC_IMPLICIT_RETAIN_SELF = YES;
				CLANG_WARN_OBJC_LITERAL_CONVERSION = YES;
				CLANG_WARN_OBJC_ROOT_CLASS = YES_ERROR;
				CLANG_WARN_QUOTED_INCLUDE_IN_FRAMEWORK_HEADER = YES;
				CLANG_WARN_RANGE_LOOP_ANALYSIS = YES;
				CLANG_WARN_STRICT_PROTOTYPES = YES;
				CLANG_WARN_SUSPICIOUS_MOVE = YES;
				CLANG_WARN_UNGUARDED_AVAILABILITY = YES_AGGRESSIVE;
				CLANG_WARN_UNREACHABLE_CODE = YES;
				CLANG_WARN__DUPLICATE_METHOD_MATCH = YES;
				COPY_PHASE_STRIP = NO;
				DEBUG_INFORMATION_FORMAT = "dwarf-with-dsym";
				ENABLE_NS_ASSERTIONS = NO;
				ENABLE_STRICT_OBJC_MSGSEND = YES;
				GCC_C_LANGUAGE_STANDARD = gnu11;
				GCC_NO_COMMON_BLOCKS = YES;
				GCC_WARN_64_TO_32_BIT_CONVERSION = YES;
				GCC_WARN_ABOUT_RETURN_TYPE = YES_ERROR;
				GCC_WARN_UNDECLARED_SELECTOR = YES;
				GCC_WARN_UNINITIALIZED_AUTOS = YES_AGGRESSIVE;
				GCC_WARN_UNUSED_FUNCTION = YES;
				GCC_WARN_UNUSED_VARIABLE = YES;
				IPHONEOS_DEPLOYMENT_TARGET = 14.4;
				MTL_ENABLE_DEBUG_INFO = NO;
				MTL_FAST_MATH = YES;
				SDKROOT = iphoneos;
				SWIFT_COMPILATION_MODE = wholemodule;
				SWIFT_OPTIMIZATION_LEVEL = "-O";
				VALIDATE_PRODUCT = YES;
			};
			name = Release;
		};
		EA8F6A9A2600A1AD00964204 /* Debug */ = {
			isa = XCBuildConfiguration;
			buildSettings = {
				ASSETCATALOG_COMPILER_APPICON_NAME = AppIcon;
				ASSETCATALOG_COMPILER_GLOBAL_ACCENT_COLOR_NAME = AccentColor;
				CODE_SIGN_STYLE = Automatic;
				DEVELOPMENT_TEAM = HUUUBGL4W2;
				INFOPLIST_FILE = ScrollViews/Info.plist;
				LD_RUNPATH_SEARCH_PATHS = (
					"$(inherited)",
					"@executable_path/Frameworks",
				);
				PRODUCT_BUNDLE_IDENTIFIER = key.ScrollViews;
				PRODUCT_NAME = "$(TARGET_NAME)";
				SWIFT_VERSION = 5.0;
				TARGETED_DEVICE_FAMILY = "1,2";
			};
			name = Debug;
		};
		EA8F6A9B2600A1AD00964204 /* Release */ = {
			isa = XCBuildConfiguration;
			buildSettings = {
				ASSETCATALOG_COMPILER_APPICON_NAME = AppIcon;
				ASSETCATALOG_COMPILER_GLOBAL_ACCENT_COLOR_NAME = AccentColor;
				CODE_SIGN_STYLE = Automatic;
				DEVELOPMENT_TEAM = HUUUBGL4W2;
				INFOPLIST_FILE = ScrollViews/Info.plist;
				LD_RUNPATH_SEARCH_PATHS = (
					"$(inherited)",
					"@executable_path/Frameworks",
				);
				PRODUCT_BUNDLE_IDENTIFIER = key.ScrollViews;
				PRODUCT_NAME = "$(TARGET_NAME)";
				SWIFT_VERSION = 5.0;
				TARGETED_DEVICE_FAMILY = "1,2";
			};
			name = Release;
		};
		EA8F6A9D2600A1AD00964204 /* Debug */ = {
			isa = XCBuildConfiguration;
			buildSettings = {
				ALWAYS_EMBED_SWIFT_STANDARD_LIBRARIES = YES;
				BUNDLE_LOADER = "$(TEST_HOST)";
				CODE_SIGN_STYLE = Automatic;
				DEVELOPMENT_TEAM = HUUUBGL4W2;
				INFOPLIST_FILE = ScrollViewsTests/Info.plist;
				IPHONEOS_DEPLOYMENT_TARGET = 14.4;
				LD_RUNPATH_SEARCH_PATHS = (
					"$(inherited)",
					"@executable_path/Frameworks",
					"@loader_path/Frameworks",
				);
				PRODUCT_BUNDLE_IDENTIFIER = key.ScrollViewsTests;
				PRODUCT_NAME = "$(TARGET_NAME)";
				SWIFT_VERSION = 5.0;
				TARGETED_DEVICE_FAMILY = "1,2";
				TEST_HOST = "$(BUILT_PRODUCTS_DIR)/ScrollViews.app/ScrollViews";
			};
			name = Debug;
		};
		EA8F6A9E2600A1AD00964204 /* Release */ = {
			isa = XCBuildConfiguration;
			buildSettings = {
				ALWAYS_EMBED_SWIFT_STANDARD_LIBRARIES = YES;
				BUNDLE_LOADER = "$(TEST_HOST)";
				CODE_SIGN_STYLE = Automatic;
				DEVELOPMENT_TEAM = HUUUBGL4W2;
				INFOPLIST_FILE = ScrollViewsTests/Info.plist;
				IPHONEOS_DEPLOYMENT_TARGET = 14.4;
				LD_RUNPATH_SEARCH_PATHS = (
					"$(inherited)",
					"@executable_path/Frameworks",
					"@loader_path/Frameworks",
				);
				PRODUCT_BUNDLE_IDENTIFIER = key.ScrollViewsTests;
				PRODUCT_NAME = "$(TARGET_NAME)";
				SWIFT_VERSION = 5.0;
				TARGETED_DEVICE_FAMILY = "1,2";
				TEST_HOST = "$(BUILT_PRODUCTS_DIR)/ScrollViews.app/ScrollViews";
			};
			name = Release;
		};
		EA8F6AA02600A1AD00964204 /* Debug */ = {
			isa = XCBuildConfiguration;
			buildSettings = {
				ALWAYS_EMBED_SWIFT_STANDARD_LIBRARIES = YES;
				CODE_SIGN_STYLE = Automatic;
				DEVELOPMENT_TEAM = HUUUBGL4W2;
				INFOPLIST_FILE = ScrollViewsUITests/Info.plist;
				LD_RUNPATH_SEARCH_PATHS = (
					"$(inherited)",
					"@executable_path/Frameworks",
					"@loader_path/Frameworks",
				);
				PRODUCT_BUNDLE_IDENTIFIER = key.ScrollViewsUITests;
				PRODUCT_NAME = "$(TARGET_NAME)";
				SWIFT_VERSION = 5.0;
				TARGETED_DEVICE_FAMILY = "1,2";
				TEST_TARGET_NAME = ScrollViews;
			};
			name = Debug;
		};
		EA8F6AA12600A1AD00964204 /* Release */ = {
			isa = XCBuildConfiguration;
			buildSettings = {
				ALWAYS_EMBED_SWIFT_STANDARD_LIBRARIES = YES;
				CODE_SIGN_STYLE = Automatic;
				DEVELOPMENT_TEAM = HUUUBGL4W2;
				INFOPLIST_FILE = ScrollViewsUITests/Info.plist;
				LD_RUNPATH_SEARCH_PATHS = (
					"$(inherited)",
					"@executable_path/Frameworks",
					"@loader_path/Frameworks",
				);
				PRODUCT_BUNDLE_IDENTIFIER = key.ScrollViewsUITests;
				PRODUCT_NAME = "$(TARGET_NAME)";
				SWIFT_VERSION = 5.0;
				TARGETED_DEVICE_FAMILY = "1,2";
				TEST_TARGET_NAME = ScrollViews;
			};
			name = Release;
		};
/* End XCBuildConfiguration section */

/* Begin XCConfigurationList section */
		EA8F6A6A2600A1AB00964204 /* Build configuration list for PBXProject "ScrollViews" */ = {
			isa = XCConfigurationList;
			buildConfigurations = (
				EA8F6A972600A1AD00964204 /* Debug */,
				EA8F6A982600A1AD00964204 /* Release */,
			);
			defaultConfigurationIsVisible = 0;
			defaultConfigurationName = Release;
		};
		EA8F6A992600A1AD00964204 /* Build configuration list for PBXNativeTarget "ScrollViews" */ = {
			isa = XCConfigurationList;
			buildConfigurations = (
				EA8F6A9A2600A1AD00964204 /* Debug */,
				EA8F6A9B2600A1AD00964204 /* Release */,
			);
			defaultConfigurationIsVisible = 0;
			defaultConfigurationName = Release;
		};
		EA8F6A9C2600A1AD00964204 /* Build configuration list for PBXNativeTarget "ScrollViewsTests" */ = {
			isa = XCConfigurationList;
			buildConfigurations = (
				EA8F6A9D2600A1AD00964204 /* Debug */,
				EA8F6A9E2600A1AD00964204 /* Release */,
			);
			defaultConfigurationIsVisible = 0;
			defaultConfigurationName = Release;
		};
		EA8F6A9F2600A1AD00964204 /* Build configuration list for PBXNativeTarget "ScrollViewsUITests" */ = {
			isa = XCConfigurationList;
			buildConfigurations = (
				EA8F6AA02600A1AD00964204 /* Debug */,
				EA8F6AA12600A1AD00964204 /* Release */,
			);
			defaultConfigurationIsVisible = 0;
			defaultConfigurationName = Release;
		};
/* End XCConfigurationList section */
	};
	rootObject = EA8F6A672600A1AB00964204 /* Project object */;
}
